// !$*UTF8*$!
{
	archiveVersion = 1;
	classes = {
	};
	objectVersion = 54;
	objects = {

/* Begin PBXAggregateTarget section */
		E06CC8800E5E45B405B8ECED /* gateKPT - All */ = {
			isa = PBXAggregateTarget;
			buildConfigurationList = D922729B165B7E1E38BE3333 /* Build configuration list for PBXAggregateTarget "gateKPT - All" */;
			buildPhases = (
				A9C334F2C135F9CBB97A5A0D /* Post-build script */,
			);
			dependencies = (
				34CF0AED2F97B33A249EDA26 /* PBXTargetDependency */,
				B39489969B8B538B90828B6A /* PBXTargetDependency */,
			);
			name = "gateKPT - All";
			productName = gateKPT;
		};
/* End PBXAggregateTarget section */

/* Begin PBXBuildFile section */
		00AAB3E1B5E4EDE972996371 /* JSONExporter.cpp in Sources */ = {isa = PBXBuildFile; fileRef = D63A93A4F32EC7235B83138F /* JSONExporter.cpp */; };
		05F657B19C4D5E93B70932AC /* VoiceAnalyzer.cpp in Sources */ = {isa = PBXBuildFile; fileRef = 30D2E99EEB43A492AF58A72C /* VoiceAnalyzer.cpp */; };
		096CEC534426831B8C075449 /* Accelerate.framework in Frameworks */ = {isa = PBXBuildFile; fileRef = 371744E4E3563FD3C9C38125 /* Accelerate.framework */; };
		15480F0D27A7936D489BCA67 /* include_juce_audio_processors_ara.cpp in Sources */ = {isa = PBXBuildFile; fileRef = B41E411D9BA7DBFFDAF15573 /* include_juce_audio_processors_ara.cpp */; };
		1F2E9B5AA4CC39A0BFAC3E87 /* include_juce_audio_plugin_client_AU_1.mm in Sources */ = {isa = PBXBuildFile; fileRef = 1FFAEA6C22D4355198E8E740 /* include_juce_audio_plugin_client_AU_1.mm */; };
		22A2EB737403381AC9EDF9F6 /* StereoImageAnalyzer.cpp in Sources */ = {isa = PBXBuildFile; fileRef = DB5908108C56BDA8F7E98773 /* StereoImageAnalyzer.cpp */; };
		2367323D4F2FCA8175E4C7D7 /* QuartzCore.framework in Frameworks */ = {isa = PBXBuildFile; fileRef = 9F91D079EE47469C42C431B0 /* QuartzCore.framework */; };
		27D13B81C27E50EAEDDEB411 /* include_juce_audio_processors_lv2_libs.cpp in Sources */ = {isa = PBXBuildFile; fileRef = 112F15C8F6F8CAE05E85FA99 /* include_juce_audio_processors_lv2_libs.cpp */; };
		2E00FE143A581B73287923E2 /* MetalKit.framework in Frameworks */ = {isa = PBXBuildFile; fileRef = 3C9B46BFEDC51CEB9D587740 /* MetalKit.framework */; settings = {ATTRIBUTES = (Weak, ); }; };
		2FC1802B02D9632A534C7079 /* TechnicalAnalyzer.cpp in Sources */ = {isa = PBXBuildFile; fileRef = 688D80776D8546C266483F38 /* TechnicalAnalyzer.cpp */; };
		32D4A5679F8602169CD427DA /* include_juce_audio_plugin_client_ARA.cpp in Sources */ = {isa = PBXBuildFile; fileRef = 7AFEDA94292994F1DE23332B /* include_juce_audio_plugin_client_ARA.cpp */; };
		380E39D424FFCD5A57E58129 /* AudioUnit.framework in Frameworks */ = {isa = PBXBuildFile; fileRef = 59BDFB98F460CBDF323F1F86 /* AudioUnit.framework */; };
		45F30819220FF3C85B66376F /* Metal.framework in Frameworks */ = {isa = PBXBuildFile; fileRef = FC1E765F43A7346D362ABBE3 /* Metal.framework */; settings = {ATTRIBUTES = (Weak, ); }; };
		59FAA59BEE6DFF43A282CC11 /* BeatKeyAnalyzer.cpp in Sources */ = {isa = PBXBuildFile; fileRef = 245A6E8DC114D5A064CB0160 /* BeatKeyAnalyzer.cpp */; };
		5AB1ACD19B0729241681D306 /* AudioToolbox.framework in Frameworks */ = {isa = PBXBuildFile; fileRef = EDAFDCA67D8180AAEE03D48C /* AudioToolbox.framework */; };
		633F04B29AE7D36F7BFAFE78 /* Cocoa.framework in Frameworks */ = {isa = PBXBuildFile; fileRef = EE851980AE3B084451F000E9 /* Cocoa.framework */; };
		6903FEB07AB74CF2C2D9B08E /* GenreMoodAnalyzer.cpp in Sources */ = {isa = PBXBuildFile; fileRef = B7B4666CD8D1C0F99956755B /* GenreMoodAnalyzer.cpp */; };
		69486BA1AB8BC834E381E436 /* SpectralAnalyzer.cpp in Sources */ = {isa = PBXBuildFile; fileRef = BB4513488D3F4277682CBFBE /* SpectralAnalyzer.cpp */; };
		6AFF8E7338BD9EA821A1673A /* LoudnessAnalyzer.cpp in Sources */ = {isa = PBXBuildFile; fileRef = 93F2F8247A8104FAA72D6199 /* LoudnessAnalyzer.cpp */; };
		70E38991DE982CED6A1AD796 /* include_juce_audio_plugin_client_AU_2.mm in Sources */ = {isa = PBXBuildFile; fileRef = CE682CEB3BF903E513E2F40C /* include_juce_audio_plugin_client_AU_2.mm */; };
		7147C9C1016DB0CC3F85B269 /* IOKit.framework in Frameworks */ = {isa = PBXBuildFile; fileRef = 8918A01A37247123ADBE725A /* IOKit.framework */; };
		73633E6F63BC3262E1E832C3 /* Foundation.framework in Frameworks */ = {isa = PBXBuildFile; fileRef = D388C740D4AF917D738F41C3 /* Foundation.framework */; };
		7773F5B2A155878A62481DA0 /* SectionSegmentation.cpp in Sources */ = {isa = PBXBuildFile; fileRef = 51F0EDD2E9D95AE2A0503DAC /* SectionSegmentation.cpp */; };
		77BE0A92DCDE5F6134046A20 /* AnalysisOrchestrator.cpp in Sources */ = {isa = PBXBuildFile; fileRef = B9149D4C98564FE545750DC2 /* AnalysisOrchestrator.cpp */; };
		7AEFC6D499FBFD624EF5EED8 /* include_juce_audio_processors.mm in Sources */ = {isa = PBXBuildFile; fileRef = 129F2FF3D460E735FCDE194B /* include_juce_audio_processors.mm */; };
		7BEB09B00A0F6FA28DDF5262 /* WebKit.framework in Frameworks */ = {isa = PBXBuildFile; fileRef = 8390FBB7DB038AB4AD6A489B /* WebKit.framework */; };
		7DB68086D75476499A3661B2 /* AnalyzerStubs.cpp in Sources */ = {isa = PBXBuildFile; fileRef = 32D112135FD41BA300B4F7C9 /* AnalyzerStubs.cpp */; };
		7F2AC7149FE43BD71FE834F2 /* include_juce_data_structures.mm in Sources */ = {isa = PBXBuildFile; fileRef = 2DAB07BE6F20C8F6554912CE /* include_juce_data_structures.mm */; };
		8175471C91448DC3CC4A61FE /* SibilancePlosiveAnalyzer.cpp in Sources */ = {isa = PBXBuildFile; fileRef = 8BB8CA2CA11175ACBD7C9567 /* SibilancePlosiveAnalyzer.cpp */; };
		85249BA9150562E52DCD98AF /* include_juce_gui_basics.mm in Sources */ = {isa = PBXBuildFile; fileRef = 19F133B7098AD0E47CCD872D /* include_juce_gui_basics.mm */; };
		8A385A3DD7D5F7632065812F /* DiscRecording.framework in Frameworks */ = {isa = PBXBuildFile; fileRef = 5EB6602E0AAC3149308D1F8D /* DiscRecording.framework */; };
		93B46FACE29FBB643C4C4570 /* RecentFilesMenuTemplate.nib in Resources */ = {isa = PBXBuildFile; fileRef = A9FC4AB0D6FA04D6265970A6 /* RecentFilesMenuTemplate.nib */; };
		95F966EC001A9C76681A899F /* JSONParser.cpp in Sources */ = {isa = PBXBuildFile; fileRef = 26269A623C8788F1A18F8068 /* JSONParser.cpp */; };
		9A0AE4FAEAB00997393DF571 /* ChordSuggestionEngine.cpp in Sources */ = {isa = PBXBuildFile; fileRef = D283D0479438F455E2F12540 /* ChordSuggestionEngine.cpp */; };
		9E3DA95BA56BE27F97C0CD12 /* include_juce_events.mm in Sources */ = {isa = PBXBuildFile; fileRef = 276583E9A1547E7D6F14A52E /* include_juce_events.mm */; };
		A32E209A93D8CB6AA6AA1FF1 /* TuningPitchAnalyzer.cpp in Sources */ = {isa = PBXBuildFile; fileRef = 5811BEE890EA71F5C3233572 /* TuningPitchAnalyzer.cpp */; };
		A565BFA27CF7A7328F0C44DA /* BinaryData.cpp in Sources */ = {isa = PBXBuildFile; fileRef = 26D8576C7D4DEFF3C4D07693 /* BinaryData.cpp */; };
		AB5C88D8A3618D763D3A5E26 /* ChordAnalyzer.cpp in Sources */ = {isa = PBXBuildFile; fileRef = 3C05200B78F02ABA8C3129B3 /* ChordAnalyzer.cpp */; };
		AC849884759D28B49F63FD0F /* include_juce_core_CompilationTime.cpp in Sources */ = {isa = PBXBuildFile; fileRef = 37FF73891C5C15866EAE2624 /* include_juce_core_CompilationTime.cpp */; };
		AD58AD5B5DFEDBAD27608C32 /* ArrangementSuggestionEngine.cpp in Sources */ = {isa = PBXBuildFile; fileRef = 2898BFC145992847173663BA /* ArrangementSuggestionEngine.cpp */; };
		B1A7C9C4D2F997FEBD894205 /* ReferenceMatcher.cpp in Sources */ = {isa = PBXBuildFile; fileRef = BE26D7B7196D3D4C6B774A28 /* ReferenceMatcher.cpp */; };
		B4EF8969DE4E9B5AB0A93F30 /* ConversationStore.cpp in Sources */ = {isa = PBXBuildFile; fileRef = CBA2FA6AF324B6549527A79E /* ConversationStore.cpp */; };
		B6000D854125C78C1D5C5094 /* CoreMIDI.framework in Frameworks */ = {isa = PBXBuildFile; fileRef = C64227CA40941177D2CA3799 /* CoreMIDI.framework */; };
		BC5721EC37E71DB723497920 /* FeatureMath.cpp in Sources */ = {isa = PBXBuildFile; fileRef = 28FD96CD002E16C999A1986A /* FeatureMath.cpp */; };
		BF86678CC5BE1C3B0EC9AFD9 /* PluginProcessor.cpp in Sources */ = {isa = PBXBuildFile; fileRef = 6770AC2D715D015367B86E8E /* PluginProcessor.cpp */; };
		C029F899CDFCE9CD0D76106C /* PluginEditor.cpp in Sources */ = {isa = PBXBuildFile; fileRef = E854D2D84CAF51319B748EB5 /* PluginEditor.cpp */; };
		C296AFC5D1BDFFAFC6686E15 /* ReverbDecayAnalyzer.cpp in Sources */ = {isa = PBXBuildFile; fileRef = 066DF2D2318FDF3D7C167769 /* ReverbDecayAnalyzer.cpp */; };
		C2C0E1206FBF92D4D063074D /* CoreAudioKit.framework in Frameworks */ = {isa = PBXBuildFile; fileRef = D971C015C9901E5B08AC4C84 /* CoreAudioKit.framework */; };
		C4417CD8862A96EF2530FC51 /* AudioFileReader.cpp in Sources */ = {isa = PBXBuildFile; fileRef = 4E4BA602919D0C62495FFD9E /* AudioFileReader.cpp */; };
		C5C5EC6D55F0BD15FA2D5E13 /* include_juce_audio_devices.mm in Sources */ = {isa = PBXBuildFile; fileRef = E71119A3181548738B3F0CF1 /* include_juce_audio_devices.mm */; };
		CB561239A674BAC9AD0A2DCC /* CoreAudio.framework in Frameworks */ = {isa = PBXBuildFile; fileRef = 89E04AA52111238513FB09B4 /* CoreAudio.framework */; };
		D1B7B7BECD7BC77F74694398 /* include_juce_dsp.mm in Sources */ = {isa = PBXBuildFile; fileRef = F70BA98281E9AB2912FBE09C /* include_juce_dsp.mm */; };
		D2322275980A01476E2206DF /* include_juce_graphics.mm in Sources */ = {isa = PBXBuildFile; fileRef = 0A13D5119295BE43F7BA5F2C /* include_juce_graphics.mm */; };
		D2DEDE0A3E14F5808045F2C3 /* SummaryBuilder.cpp in Sources */ = {isa = PBXBuildFile; fileRef = 97F7898BEDF15164D33AFE61 /* SummaryBuilder.cpp */; };
		D31B9FC55E1A0C9C7259EBA9 /* include_juce_gui_extra.mm in Sources */ = {isa = PBXBuildFile; fileRef = B52429675E473D12226AC5CC /* include_juce_gui_extra.mm */; };
		D7DF36DFC2F8D81F577C6D28 /* include_juce_graphics_Harfbuzz.cpp in Sources */ = {isa = PBXBuildFile; fileRef = 3F5C6B6387AE9A25C914AED4 /* include_juce_graphics_Harfbuzz.cpp */; };
		D839970E2024A4906C634543 /* ArtifactDetector.cpp in Sources */ = {isa = PBXBuildFile; fileRef = 69EF0EC87CC4D1FFD4E5B871 /* ArtifactDetector.cpp */; };
		DE317856AF7ECB922F8692D4 /* include_juce_core.mm in Sources */ = {isa = PBXBuildFile; fileRef = 53B1483FD99B49BF94302453 /* include_juce_core.mm */; };
		E0C1CA744EF0CDDC95B67E60 /* AnalysisResult.cpp in Sources */ = {isa = PBXBuildFile; fileRef = 52BC68BB26B1414ED6ECE836 /* AnalysisResult.cpp */; };
		E10E1432A28535932C1A0AA0 /* include_juce_audio_formats.mm in Sources */ = {isa = PBXBuildFile; fileRef = 957DCA68094601833C10FCDE /* include_juce_audio_formats.mm */; };
		E11BF7523F4855594D592B77 /* DynamicsAnalyzer.cpp in Sources */ = {isa = PBXBuildFile; fileRef = CF8774D74F0E70A4813DC21F /* DynamicsAnalyzer.cpp */; };
		E34E7799ECE689E4CD17B297 /* include_juce_audio_basics.mm in Sources */ = {isa = PBXBuildFile; fileRef = 736768AB427692902C6C7E94 /* include_juce_audio_basics.mm */; };
		EA762E0B03F88C593C02B65F /* Security.framework in Frameworks */ = {isa = PBXBuildFile; fileRef = 3EE8C77D9676A71161DBE49B /* Security.framework */; };
		EE79321EE430BD895A3C2F54 /* include_juce_graphics_Sheenbidi.c in Sources */ = {isa = PBXBuildFile; fileRef = 50A11E3C7A807026801F5CD2 /* include_juce_graphics_Sheenbidi.c */; };
		EEE0B9828CF031B79EFF35CB /* InstrumentAnalyzer.cpp in Sources */ = {isa = PBXBuildFile; fileRef = CE4000A9CB022C8046D4025E /* InstrumentAnalyzer.cpp */; };
		FDB31FC7D7CB477F8FB5A3EC /* MaskingAnalyzer.cpp in Sources */ = {isa = PBXBuildFile; fileRef = 93436B1708FC543A5139B380 /* MaskingAnalyzer.cpp */; };
		FE33F4EA244EB56D54D5262E /* include_juce_audio_utils.mm in Sources */ = {isa = PBXBuildFile; fileRef = 3DE5EC8084E3E4B5575B9CA8 /* include_juce_audio_utils.mm */; };
/* End PBXBuildFile section */

/* Begin PBXContainerItemProxy section */
		1B9CA2042E5224820041C2E1 /* PBXContainerItemProxy */ = {
			isa = PBXContainerItemProxy;
			containerPortal = 52AF65141E5EFA760FF8A00B /* Project object */;
			proxyType = 1;
			remoteGlobalIDString = F85A39AD38A54172B0A5F781;
			remoteInfo = "gateKPT - Shared Code";
		};
		1B9CA2052E5224820041C2E1 /* PBXContainerItemProxy */ = {
			isa = PBXContainerItemProxy;
			containerPortal = 52AF65141E5EFA760FF8A00B /* Project object */;
			proxyType = 1;
			remoteGlobalIDString = EA9C2991E57D870ED9BCE008;
			remoteInfo = "gateKPT - AU";
		};
		1B9CA2062E5224820041C2E1 /* PBXContainerItemProxy */ = {
			isa = PBXContainerItemProxy;
			containerPortal = 52AF65141E5EFA760FF8A00B /* Project object */;
			proxyType = 1;
			remoteGlobalIDString = F85A39AD38A54172B0A5F781;
			remoteInfo = "gateKPT - Shared Code";
		};
/* End PBXContainerItemProxy section */

/* Begin PBXFileReference section */
		066DF2D2318FDF3D7C167769 /* ReverbDecayAnalyzer.cpp */ = {isa = PBXFileReference; lastKnownFileType = sourcecode.cpp.cpp; name = ReverbDecayAnalyzer.cpp; path = ../../Source/Analysis/ReverbDecayAnalyzer.cpp; sourceTree = SOURCE_ROOT; };
		0A13D5119295BE43F7BA5F2C /* include_juce_graphics.mm */ = {isa = PBXFileReference; lastKnownFileType = sourcecode.cpp.objcpp; name = include_juce_graphics.mm; path = ../../JuceLibraryCode/include_juce_graphics.mm; sourceTree = SOURCE_ROOT; };
		112F15C8F6F8CAE05E85FA99 /* include_juce_audio_processors_lv2_libs.cpp */ = {isa = PBXFileReference; lastKnownFileType = sourcecode.cpp.cpp; name = include_juce_audio_processors_lv2_libs.cpp; path = ../../JuceLibraryCode/include_juce_audio_processors_lv2_libs.cpp; sourceTree = SOURCE_ROOT; };
		129F2FF3D460E735FCDE194B /* include_juce_audio_processors.mm */ = {isa = PBXFileReference; lastKnownFileType = sourcecode.cpp.objcpp; name = include_juce_audio_processors.mm; path = ../../JuceLibraryCode/include_juce_audio_processors.mm; sourceTree = SOURCE_ROOT; };
		1969745E1659AF4904ACDE97 /* PluginEditor.h */ = {isa = PBXFileReference; lastKnownFileType = sourcecode.c.h; name = PluginEditor.h; path = ../../Source/PluginEditor.h; sourceTree = SOURCE_ROOT; };
		19F133B7098AD0E47CCD872D /* include_juce_gui_basics.mm */ = {isa = PBXFileReference; lastKnownFileType = sourcecode.cpp.objcpp; name = include_juce_gui_basics.mm; path = ../../JuceLibraryCode/include_juce_gui_basics.mm; sourceTree = SOURCE_ROOT; };
		1FFAEA6C22D4355198E8E740 /* include_juce_audio_plugin_client_AU_1.mm */ = {isa = PBXFileReference; lastKnownFileType = sourcecode.cpp.objcpp; name = include_juce_audio_plugin_client_AU_1.mm; path = ../../JuceLibraryCode/include_juce_audio_plugin_client_AU_1.mm; sourceTree = SOURCE_ROOT; };
		22C2A039936A3B6459A36C82 /* JSONParser.h */ = {isa = PBXFileReference; lastKnownFileType = sourcecode.c.h; name = JSONParser.h; path = ../../Source/Data/JSONParser.h; sourceTree = SOURCE_ROOT; };
		245A6E8DC114D5A064CB0160 /* BeatKeyAnalyzer.cpp */ = {isa = PBXFileReference; lastKnownFileType = sourcecode.cpp.cpp; name = BeatKeyAnalyzer.cpp; path = ../../Source/Analysis/BeatKeyAnalyzer.cpp; sourceTree = SOURCE_ROOT; };
		258FAD65B534F45126784E98 /* PitchUtils.h */ = {isa = PBXFileReference; lastKnownFileType = sourcecode.c.h; name = PitchUtils.h; path = ../../Source/Utils/PitchUtils.h; sourceTree = SOURCE_ROOT; };
		26269A623C8788F1A18F8068 /* JSONParser.cpp */ = {isa = PBXFileReference; lastKnownFileType = sourcecode.cpp.cpp; name = JSONParser.cpp; path = ../../Source/Data/JSONParser.cpp; sourceTree = SOURCE_ROOT; };
		26D8576C7D4DEFF3C4D07693 /* BinaryData.cpp */ = {isa = PBXFileReference; lastKnownFileType = sourcecode.cpp.cpp; name = BinaryData.cpp; path = ../../JuceLibraryCode/BinaryData.cpp; sourceTree = SOURCE_ROOT; };
		276583E9A1547E7D6F14A52E /* include_juce_events.mm */ = {isa = PBXFileReference; lastKnownFileType = sourcecode.cpp.objcpp; name = include_juce_events.mm; path = ../../JuceLibraryCode/include_juce_events.mm; sourceTree = SOURCE_ROOT; };
		2898BFC145992847173663BA /* ArrangementSuggestionEngine.cpp */ = {isa = PBXFileReference; lastKnownFileType = sourcecode.cpp.cpp; name = ArrangementSuggestionEngine.cpp; path = ../../Source/Suggestions/ArrangementSuggestionEngine.cpp; sourceTree = SOURCE_ROOT; };
		28FD96CD002E16C999A1986A /* FeatureMath.cpp */ = {isa = PBXFileReference; lastKnownFileType = sourcecode.cpp.cpp; name = FeatureMath.cpp; path = ../../Source/Utils/FeatureMath.cpp; sourceTree = SOURCE_ROOT; };
		2A247393A4ADA4C565090AFF /* SibilancePlosiveAnalyzer.h */ = {isa = PBXFileReference; lastKnownFileType = sourcecode.c.h; name = SibilancePlosiveAnalyzer.h; path = ../../Source/Analysis/SibilancePlosiveAnalyzer.h; sourceTree = SOURCE_ROOT; };
		2A44EDD9ECCAA63C7D501E1C /* FFTUtils.h */ = {isa = PBXFileReference; lastKnownFileType = sourcecode.c.h; name = FFTUtils.h; path = ../../Source/Utils/FFTUtils.h; sourceTree = SOURCE_ROOT; };
		2C8B3A7C984195FF087B937C /* GenreMoodAnalyzer.h */ = {isa = PBXFileReference; lastKnownFileType = sourcecode.c.h; name = GenreMoodAnalyzer.h; path = ../../Source/Analysis/GenreMoodAnalyzer.h; sourceTree = SOURCE_ROOT; };
		2DAB07BE6F20C8F6554912CE /* include_juce_data_structures.mm */ = {isa = PBXFileReference; lastKnownFileType = sourcecode.cpp.objcpp; name = include_juce_data_structures.mm; path = ../../JuceLibraryCode/include_juce_data_structures.mm; sourceTree = SOURCE_ROOT; };
		3082B43F9D0BAA872BB6DA53 /* PluginProcessor.h */ = {isa = PBXFileReference; lastKnownFileType = sourcecode.c.h; name = PluginProcessor.h; path = ../../Source/PluginProcessor.h; sourceTree = SOURCE_ROOT; };
		30D2E99EEB43A492AF58A72C /* VoiceAnalyzer.cpp */ = {isa = PBXFileReference; lastKnownFileType = sourcecode.cpp.cpp; name = VoiceAnalyzer.cpp; path = ../../Source/Analysis/VoiceAnalyzer.cpp; sourceTree = SOURCE_ROOT; };
		32D112135FD41BA300B4F7C9 /* AnalyzerStubs.cpp */ = {isa = PBXFileReference; lastKnownFileType = sourcecode.cpp.cpp; name = AnalyzerStubs.cpp; path = ../../Source/Analysis/AnalyzerStubs.cpp; sourceTree = SOURCE_ROOT; };
		344CA162828E7BCE13113DBB /* DynamicsAnalyzer.h */ = {isa = PBXFileReference; lastKnownFileType = sourcecode.c.h; name = DynamicsAnalyzer.h; path = ../../Source/Analysis/DynamicsAnalyzer.h; sourceTree = SOURCE_ROOT; };
		371744E4E3563FD3C9C38125 /* Accelerate.framework */ = {isa = PBXFileReference; lastKnownFileType = wrapper.framework; name = Accelerate.framework; path = System/Library/Frameworks/Accelerate.framework; sourceTree = SDKROOT; };
		37FF73891C5C15866EAE2624 /* include_juce_core_CompilationTime.cpp */ = {isa = PBXFileReference; lastKnownFileType = sourcecode.cpp.cpp; name = include_juce_core_CompilationTime.cpp; path = ../../JuceLibraryCode/include_juce_core_CompilationTime.cpp; sourceTree = SOURCE_ROOT; };
		3C05200B78F02ABA8C3129B3 /* ChordAnalyzer.cpp */ = {isa = PBXFileReference; lastKnownFileType = sourcecode.cpp.cpp; name = ChordAnalyzer.cpp; path = ../../Source/Analysis/ChordAnalyzer.cpp; sourceTree = SOURCE_ROOT; };
		3C9B46BFEDC51CEB9D587740 /* MetalKit.framework */ = {isa = PBXFileReference; lastKnownFileType = wrapper.framework; name = MetalKit.framework; path = System/Library/Frameworks/MetalKit.framework; sourceTree = SDKROOT; };
		3DE5EC8084E3E4B5575B9CA8 /* include_juce_audio_utils.mm */ = {isa = PBXFileReference; lastKnownFileType = sourcecode.cpp.objcpp; name = include_juce_audio_utils.mm; path = ../../JuceLibraryCode/include_juce_audio_utils.mm; sourceTree = SOURCE_ROOT; };
		3EE8C77D9676A71161DBE49B /* Security.framework */ = {isa = PBXFileReference; lastKnownFileType = wrapper.framework; name = Security.framework; path = System/Library/Frameworks/Security.framework; sourceTree = SDKROOT; };
		3F5C6B6387AE9A25C914AED4 /* include_juce_graphics_Harfbuzz.cpp */ = {isa = PBXFileReference; lastKnownFileType = sourcecode.cpp.cpp; name = include_juce_graphics_Harfbuzz.cpp; path = ../../JuceLibraryCode/include_juce_graphics_Harfbuzz.cpp; sourceTree = SOURCE_ROOT; };
		3FE2B482AE505544F4DE690F /* BanAllMusicRecords-02.png */ = {isa = PBXFileReference; lastKnownFileType = image.png; name = "BanAllMusicRecords-02.png"; path = "../../Resources/BanAllMusicRecords-02.png"; sourceTree = SOURCE_ROOT; };
		40A83B5949D13BE91FE42FB1 /* gateKPT.component */ = {isa = PBXFileReference; explicitFileType = wrapper.cfbundle; includeInIndex = 0; path = gateKPT.component; sourceTree = BUILT_PRODUCTS_DIR; };
		43890AAC35C507E1AC72D6EB /* ChordSuggestionEngine.h */ = {isa = PBXFileReference; lastKnownFileType = sourcecode.c.h; name = ChordSuggestionEngine.h; path = ../../Source/Suggestions/ChordSuggestionEngine.h; sourceTree = SOURCE_ROOT; };
		4C8C6833839FCD08129EA20F /* InstrumentAnalyzer.h */ = {isa = PBXFileReference; lastKnownFileType = sourcecode.c.h; name = InstrumentAnalyzer.h; path = ../../Source/Analysis/InstrumentAnalyzer.h; sourceTree = SOURCE_ROOT; };
		4E4BA602919D0C62495FFD9E /* AudioFileReader.cpp */ = {isa = PBXFileReference; lastKnownFileType = sourcecode.cpp.cpp; name = AudioFileReader.cpp; path = ../../Source/Analysis/AudioFileReader.cpp; sourceTree = SOURCE_ROOT; };
		4FCB5B7C9E325CD92102FC15 /* TuningPitchAnalyzer.h */ = {isa = PBXFileReference; lastKnownFileType = sourcecode.c.h; name = TuningPitchAnalyzer.h; path = ../../Source/Analysis/TuningPitchAnalyzer.h; sourceTree = SOURCE_ROOT; };
		50A11E3C7A807026801F5CD2 /* include_juce_graphics_Sheenbidi.c */ = {isa = PBXFileReference; lastKnownFileType = sourcecode.c.c; name = include_juce_graphics_Sheenbidi.c; path = ../../JuceLibraryCode/include_juce_graphics_Sheenbidi.c; sourceTree = SOURCE_ROOT; };
		51F0EDD2E9D95AE2A0503DAC /* SectionSegmentation.cpp */ = {isa = PBXFileReference; lastKnownFileType = sourcecode.cpp.cpp; name = SectionSegmentation.cpp; path = ../../Source/Analysis/SectionSegmentation.cpp; sourceTree = SOURCE_ROOT; };
		52BC68BB26B1414ED6ECE836 /* AnalysisResult.cpp */ = {isa = PBXFileReference; lastKnownFileType = sourcecode.cpp.cpp; name = AnalysisResult.cpp; path = ../../Source/Analysis/AnalysisResult.cpp; sourceTree = SOURCE_ROOT; };
		53B1483FD99B49BF94302453 /* include_juce_core.mm */ = {isa = PBXFileReference; lastKnownFileType = sourcecode.cpp.objcpp; name = include_juce_core.mm; path = ../../JuceLibraryCode/include_juce_core.mm; sourceTree = SOURCE_ROOT; };
		575D1A721BC3F3C8E6DB812C /* Info-AU.plist */ = {isa = PBXFileReference; lastKnownFileType = text.plist.xml; path = "Info-AU.plist"; sourceTree = SOURCE_ROOT; };
		5811BEE890EA71F5C3233572 /* TuningPitchAnalyzer.cpp */ = {isa = PBXFileReference; lastKnownFileType = sourcecode.cpp.cpp; name = TuningPitchAnalyzer.cpp; path = ../../Source/Analysis/TuningPitchAnalyzer.cpp; sourceTree = SOURCE_ROOT; };
		59BDFB98F460CBDF323F1F86 /* AudioUnit.framework */ = {isa = PBXFileReference; lastKnownFileType = wrapper.framework; name = AudioUnit.framework; path = System/Library/Frameworks/AudioUnit.framework; sourceTree = SDKROOT; };
		5EB6602E0AAC3149308D1F8D /* DiscRecording.framework */ = {isa = PBXFileReference; lastKnownFileType = wrapper.framework; name = DiscRecording.framework; path = System/Library/Frameworks/DiscRecording.framework; sourceTree = SDKROOT; };
		650F4CCB4365526D7B13328A /* StereoImageAnalyzer.h */ = {isa = PBXFileReference; lastKnownFileType = sourcecode.c.h; name = StereoImageAnalyzer.h; path = ../../Source/Analysis/StereoImageAnalyzer.h; sourceTree = SOURCE_ROOT; };
		6770AC2D715D015367B86E8E /* PluginProcessor.cpp */ = {isa = PBXFileReference; lastKnownFileType = sourcecode.cpp.cpp; name = PluginProcessor.cpp; path = ../../Source/PluginProcessor.cpp; sourceTree = SOURCE_ROOT; };
		67A4FB2D3EE57535AA4D6F23 /* ArtifactDetector.h */ = {isa = PBXFileReference; lastKnownFileType = sourcecode.c.h; name = ArtifactDetector.h; path = ../../Source/Analysis/ArtifactDetector.h; sourceTree = SOURCE_ROOT; };
		6852827F4DD68B8EF1CBC3E8 /* MaskingAnalyzer.h */ = {isa = PBXFileReference; lastKnownFileType = sourcecode.c.h; name = MaskingAnalyzer.h; path = ../../Source/Analysis/MaskingAnalyzer.h; sourceTree = SOURCE_ROOT; };
		688D80776D8546C266483F38 /* TechnicalAnalyzer.cpp */ = {isa = PBXFileReference; lastKnownFileType = sourcecode.cpp.cpp; name = TechnicalAnalyzer.cpp; path = ../../Source/Analysis/TechnicalAnalyzer.cpp; sourceTree = SOURCE_ROOT; };
		69EF0EC87CC4D1FFD4E5B871 /* ArtifactDetector.cpp */ = {isa = PBXFileReference; lastKnownFileType = sourcecode.cpp.cpp; name = ArtifactDetector.cpp; path = ../../Source/Analysis/ArtifactDetector.cpp; sourceTree = SOURCE_ROOT; };
		6B14A3F4912528415DE7F31F /* JSONExporter.h */ = {isa = PBXFileReference; lastKnownFileType = sourcecode.c.h; name = JSONExporter.h; path = ../../Source/Data/JSONExporter.h; sourceTree = SOURCE_ROOT; };
		70E0094B31753E9DEBE1CE05 /* ConversationStore.h */ = {isa = PBXFileReference; lastKnownFileType = sourcecode.c.h; name = ConversationStore.h; path = ../../Source/Data/ConversationStore.h; sourceTree = SOURCE_ROOT; };
		736768AB427692902C6C7E94 /* include_juce_audio_basics.mm */ = {isa = PBXFileReference; lastKnownFileType = sourcecode.cpp.objcpp; name = include_juce_audio_basics.mm; path = ../../JuceLibraryCode/include_juce_audio_basics.mm; sourceTree = SOURCE_ROOT; };
		7AFEDA94292994F1DE23332B /* include_juce_audio_plugin_client_ARA.cpp */ = {isa = PBXFileReference; lastKnownFileType = sourcecode.cpp.cpp; name = include_juce_audio_plugin_client_ARA.cpp; path = ../../JuceLibraryCode/include_juce_audio_plugin_client_ARA.cpp; sourceTree = SOURCE_ROOT; };
		81492AA3C295251B64A1C545 /* SpecData.h */ = {isa = PBXFileReference; lastKnownFileType = sourcecode.c.h; name = SpecData.h; path = ../../Source/Data/SpecData.h; sourceTree = SOURCE_ROOT; };
		8390FBB7DB038AB4AD6A489B /* WebKit.framework */ = {isa = PBXFileReference; lastKnownFileType = wrapper.framework; name = WebKit.framework; path = System/Library/Frameworks/WebKit.framework; sourceTree = SDKROOT; };
		866BDB09CC0087764AB8B370 /* ReverbDecayAnalyzer.h */ = {isa = PBXFileReference; lastKnownFileType = sourcecode.c.h; name = ReverbDecayAnalyzer.h; path = ../../Source/Analysis/ReverbDecayAnalyzer.h; sourceTree = SOURCE_ROOT; };
		8918A01A37247123ADBE725A /* IOKit.framework */ = {isa = PBXFileReference; lastKnownFileType = wrapper.framework; name = IOKit.framework; path = System/Library/Frameworks/IOKit.framework; sourceTree = SDKROOT; };
		8974BEC907B72FBACF74258B /* Stats.h */ = {isa = PBXFileReference; lastKnownFileType = sourcecode.c.h; name = Stats.h; path = ../../Source/Utils/Stats.h; sourceTree = SOURCE_ROOT; };
		89E04AA52111238513FB09B4 /* CoreAudio.framework */ = {isa = PBXFileReference; lastKnownFileType = wrapper.framework; name = CoreAudio.framework; path = System/Library/Frameworks/CoreAudio.framework; sourceTree = SDKROOT; };
		8BB8CA2CA11175ACBD7C9567 /* SibilancePlosiveAnalyzer.cpp */ = {isa = PBXFileReference; lastKnownFileType = sourcecode.cpp.cpp; name = SibilancePlosiveAnalyzer.cpp; path = ../../Source/Analysis/SibilancePlosiveAnalyzer.cpp; sourceTree = SOURCE_ROOT; };
		8DCCF41E0A9637BC1D0473A6 /* ArrangementSuggestionEngine.h */ = {isa = PBXFileReference; lastKnownFileType = sourcecode.c.h; name = ArrangementSuggestionEngine.h; path = ../../Source/Suggestions/ArrangementSuggestionEngine.h; sourceTree = SOURCE_ROOT; };
		919BF4F2972941CE4EFE1B86 /* FeatureMath.h */ = {isa = PBXFileReference; lastKnownFileType = sourcecode.c.h; name = FeatureMath.h; path = ../../Source/Utils/FeatureMath.h; sourceTree = SOURCE_ROOT; };
		93436B1708FC543A5139B380 /* MaskingAnalyzer.cpp */ = {isa = PBXFileReference; lastKnownFileType = sourcecode.cpp.cpp; name = MaskingAnalyzer.cpp; path = ../../Source/Analysis/MaskingAnalyzer.cpp; sourceTree = SOURCE_ROOT; };
		93F2F8247A8104FAA72D6199 /* LoudnessAnalyzer.cpp */ = {isa = PBXFileReference; lastKnownFileType = sourcecode.cpp.cpp; name = LoudnessAnalyzer.cpp; path = ../../Source/Analysis/LoudnessAnalyzer.cpp; sourceTree = SOURCE_ROOT; };
		957DCA68094601833C10FCDE /* include_juce_audio_formats.mm */ = {isa = PBXFileReference; lastKnownFileType = sourcecode.cpp.objcpp; name = include_juce_audio_formats.mm; path = ../../JuceLibraryCode/include_juce_audio_formats.mm; sourceTree = SOURCE_ROOT; };
		960EA762740EE9333F07C608 /* JucePluginDefines.h */ = {isa = PBXFileReference; lastKnownFileType = sourcecode.c.h; name = JucePluginDefines.h; path = ../../JuceLibraryCode/JucePluginDefines.h; sourceTree = SOURCE_ROOT; };
		9783494317ED37AC68CF826E /* SummaryBuilder.h */ = {isa = PBXFileReference; lastKnownFileType = sourcecode.c.h; name = SummaryBuilder.h; path = ../../Source/Analysis/SummaryBuilder.h; sourceTree = SOURCE_ROOT; };
		97C06B977206463168D41B9F /* MuseoModerno-Regular.ttf */ = {isa = PBXFileReference; lastKnownFileType = file.ttf; name = "MuseoModerno-Regular.ttf"; path = "../../Resources/MuseoModerno-Regular.ttf"; sourceTree = SOURCE_ROOT; };
		97F7898BEDF15164D33AFE61 /* SummaryBuilder.cpp */ = {isa = PBXFileReference; lastKnownFileType = sourcecode.cpp.cpp; name = SummaryBuilder.cpp; path = ../../Source/Analysis/SummaryBuilder.cpp; sourceTree = SOURCE_ROOT; };
		9C8E755D0B22D7BCF654C280 /* SectionSegmentation.h */ = {isa = PBXFileReference; lastKnownFileType = sourcecode.c.h; name = SectionSegmentation.h; path = ../../Source/Analysis/SectionSegmentation.h; sourceTree = SOURCE_ROOT; };
		9F6637524D4EBBBFC1F3494F /* ReferenceMatcher.h */ = {isa = PBXFileReference; lastKnownFileType = sourcecode.c.h; name = ReferenceMatcher.h; path = ../../Source/Analysis/ReferenceMatcher.h; sourceTree = SOURCE_ROOT; };
		9F91D079EE47469C42C431B0 /* QuartzCore.framework */ = {isa = PBXFileReference; lastKnownFileType = wrapper.framework; name = QuartzCore.framework; path = System/Library/Frameworks/QuartzCore.framework; sourceTree = SDKROOT; };
		A02714C2821DBB675494ED4E /* JuceHeader.h */ = {isa = PBXFileReference; lastKnownFileType = sourcecode.c.h; name = JuceHeader.h; path = ../../JuceLibraryCode/JuceHeader.h; sourceTree = SOURCE_ROOT; };
		A096316734DCF1FC96AA7FD1 /* AnalysisResult.h */ = {isa = PBXFileReference; lastKnownFileType = sourcecode.c.h; name = AnalysisResult.h; path = ../../Source/Analysis/AnalysisResult.h; sourceTree = SOURCE_ROOT; };
		A0F45FD49C95139C6A9CEB0E /* TechnicalAnalyzer.h */ = {isa = PBXFileReference; lastKnownFileType = sourcecode.c.h; name = TechnicalAnalyzer.h; path = ../../Source/Analysis/TechnicalAnalyzer.h; sourceTree = SOURCE_ROOT; };
		A9EEA4ADB1A2D44CBFA28197 /* BeatKeyAnalyzer.h */ = {isa = PBXFileReference; lastKnownFileType = sourcecode.c.h; name = BeatKeyAnalyzer.h; path = ../../Source/Analysis/BeatKeyAnalyzer.h; sourceTree = SOURCE_ROOT; };
		A9FC4AB0D6FA04D6265970A6 /* RecentFilesMenuTemplate.nib */ = {isa = PBXFileReference; lastKnownFileType = file.nib; path = RecentFilesMenuTemplate.nib; sourceTree = SOURCE_ROOT; };
		ADCBB162A84F74B7049DB3B2 /* Resampler.h */ = {isa = PBXFileReference; lastKnownFileType = sourcecode.c.h; name = Resampler.h; path = ../../Source/Utils/Resampler.h; sourceTree = SOURCE_ROOT; };
		B31F573C2A0BBB285CCF535E /* ChordAnalyzer.h */ = {isa = PBXFileReference; lastKnownFileType = sourcecode.c.h; name = ChordAnalyzer.h; path = ../../Source/Analysis/ChordAnalyzer.h; sourceTree = SOURCE_ROOT; };
		B41E411D9BA7DBFFDAF15573 /* include_juce_audio_processors_ara.cpp */ = {isa = PBXFileReference; lastKnownFileType = sourcecode.cpp.cpp; name = include_juce_audio_processors_ara.cpp; path = ../../JuceLibraryCode/include_juce_audio_processors_ara.cpp; sourceTree = SOURCE_ROOT; };
		B52429675E473D12226AC5CC /* include_juce_gui_extra.mm */ = {isa = PBXFileReference; lastKnownFileType = sourcecode.cpp.objcpp; name = include_juce_gui_extra.mm; path = ../../JuceLibraryCode/include_juce_gui_extra.mm; sourceTree = SOURCE_ROOT; };
		B6493244601C3AE7134DA3FC /* libgateKPT.a */ = {isa = PBXFileReference; explicitFileType = archive.ar; includeInIndex = 0; path = libgateKPT.a; sourceTree = BUILT_PRODUCTS_DIR; };
		B7B4666CD8D1C0F99956755B /* GenreMoodAnalyzer.cpp */ = {isa = PBXFileReference; lastKnownFileType = sourcecode.cpp.cpp; name = GenreMoodAnalyzer.cpp; path = ../../Source/Analysis/GenreMoodAnalyzer.cpp; sourceTree = SOURCE_ROOT; };
		B9149D4C98564FE545750DC2 /* AnalysisOrchestrator.cpp */ = {isa = PBXFileReference; lastKnownFileType = sourcecode.cpp.cpp; name = AnalysisOrchestrator.cpp; path = ../../Source/Analysis/AnalysisOrchestrator.cpp; sourceTree = SOURCE_ROOT; };
		BB4513488D3F4277682CBFBE /* SpectralAnalyzer.cpp */ = {isa = PBXFileReference; lastKnownFileType = sourcecode.cpp.cpp; name = SpectralAnalyzer.cpp; path = ../../Source/Analysis/SpectralAnalyzer.cpp; sourceTree = SOURCE_ROOT; };
		BB4AA6E9D7ACF2C2EDC327C2 /* AudioFileReader.h */ = {isa = PBXFileReference; lastKnownFileType = sourcecode.c.h; name = AudioFileReader.h; path = ../../Source/Analysis/AudioFileReader.h; sourceTree = SOURCE_ROOT; };
		BE26D7B7196D3D4C6B774A28 /* ReferenceMatcher.cpp */ = {isa = PBXFileReference; lastKnownFileType = sourcecode.cpp.cpp; name = ReferenceMatcher.cpp; path = ../../Source/Analysis/ReferenceMatcher.cpp; sourceTree = SOURCE_ROOT; };
		C64227CA40941177D2CA3799 /* CoreMIDI.framework */ = {isa = PBXFileReference; lastKnownFileType = wrapper.framework; name = CoreMIDI.framework; path = System/Library/Frameworks/CoreMIDI.framework; sourceTree = SDKROOT; };
		CBA2FA6AF324B6549527A79E /* ConversationStore.cpp */ = {isa = PBXFileReference; lastKnownFileType = sourcecode.cpp.cpp; name = ConversationStore.cpp; path = ../../Source/Data/ConversationStore.cpp; sourceTree = SOURCE_ROOT; };
		CD0D45D5D1DFD85F4E436C2A /* SpectralAnalyzer.h */ = {isa = PBXFileReference; lastKnownFileType = sourcecode.c.h; name = SpectralAnalyzer.h; path = ../../Source/Analysis/SpectralAnalyzer.h; sourceTree = SOURCE_ROOT; };
		CD46D7D5E2B8879484581312 /* LoudnessAnalyzer.h */ = {isa = PBXFileReference; lastKnownFileType = sourcecode.c.h; name = LoudnessAnalyzer.h; path = ../../Source/Analysis/LoudnessAnalyzer.h; sourceTree = SOURCE_ROOT; };
		CE4000A9CB022C8046D4025E /* InstrumentAnalyzer.cpp */ = {isa = PBXFileReference; lastKnownFileType = sourcecode.cpp.cpp; name = InstrumentAnalyzer.cpp; path = ../../Source/Analysis/InstrumentAnalyzer.cpp; sourceTree = SOURCE_ROOT; };
		CE682CEB3BF903E513E2F40C /* include_juce_audio_plugin_client_AU_2.mm */ = {isa = PBXFileReference; lastKnownFileType = sourcecode.cpp.objcpp; name = include_juce_audio_plugin_client_AU_2.mm; path = ../../JuceLibraryCode/include_juce_audio_plugin_client_AU_2.mm; sourceTree = SOURCE_ROOT; };
		CF8774D74F0E70A4813DC21F /* DynamicsAnalyzer.cpp */ = {isa = PBXFileReference; lastKnownFileType = sourcecode.cpp.cpp; name = DynamicsAnalyzer.cpp; path = ../../Source/Analysis/DynamicsAnalyzer.cpp; sourceTree = SOURCE_ROOT; };
		D1AD8D9745EEA495B7E6C2D8 /* R128Filters.h */ = {isa = PBXFileReference; lastKnownFileType = sourcecode.c.h; name = R128Filters.h; path = ../../Source/Utils/R128Filters.h; sourceTree = SOURCE_ROOT; };
		D283D0479438F455E2F12540 /* ChordSuggestionEngine.cpp */ = {isa = PBXFileReference; lastKnownFileType = sourcecode.cpp.cpp; name = ChordSuggestionEngine.cpp; path = ../../Source/Suggestions/ChordSuggestionEngine.cpp; sourceTree = SOURCE_ROOT; };
		D388C740D4AF917D738F41C3 /* Foundation.framework */ = {isa = PBXFileReference; lastKnownFileType = wrapper.framework; name = Foundation.framework; path = System/Library/Frameworks/Foundation.framework; sourceTree = SDKROOT; };
		D587D370C45DE04AED23DE86 /* AppConfig.h */ = {isa = PBXFileReference; lastKnownFileType = sourcecode.c.h; name = AppConfig.h; path = ../../JuceLibraryCode/AppConfig.h; sourceTree = SOURCE_ROOT; };
		D63A93A4F32EC7235B83138F /* JSONExporter.cpp */ = {isa = PBXFileReference; lastKnownFileType = sourcecode.cpp.cpp; name = JSONExporter.cpp; path = ../../Source/Data/JSONExporter.cpp; sourceTree = SOURCE_ROOT; };
		D971C015C9901E5B08AC4C84 /* CoreAudioKit.framework */ = {isa = PBXFileReference; lastKnownFileType = wrapper.framework; name = CoreAudioKit.framework; path = System/Library/Frameworks/CoreAudioKit.framework; sourceTree = SDKROOT; };
		DB5908108C56BDA8F7E98773 /* StereoImageAnalyzer.cpp */ = {isa = PBXFileReference; lastKnownFileType = sourcecode.cpp.cpp; name = StereoImageAnalyzer.cpp; path = ../../Source/Analysis/StereoImageAnalyzer.cpp; sourceTree = SOURCE_ROOT; };
		E71119A3181548738B3F0CF1 /* include_juce_audio_devices.mm */ = {isa = PBXFileReference; lastKnownFileType = sourcecode.cpp.objcpp; name = include_juce_audio_devices.mm; path = ../../JuceLibraryCode/include_juce_audio_devices.mm; sourceTree = SOURCE_ROOT; };
		E854D2D84CAF51319B748EB5 /* PluginEditor.cpp */ = {isa = PBXFileReference; lastKnownFileType = sourcecode.cpp.cpp; name = PluginEditor.cpp; path = ../../Source/PluginEditor.cpp; sourceTree = SOURCE_ROOT; };
		EDAFDCA67D8180AAEE03D48C /* AudioToolbox.framework */ = {isa = PBXFileReference; lastKnownFileType = wrapper.framework; name = AudioToolbox.framework; path = System/Library/Frameworks/AudioToolbox.framework; sourceTree = SDKROOT; };
		EDC794B71EDC999CF3D205AE /* AnalysisOrchestrator.h */ = {isa = PBXFileReference; lastKnownFileType = sourcecode.c.h; name = AnalysisOrchestrator.h; path = ../../Source/Analysis/AnalysisOrchestrator.h; sourceTree = SOURCE_ROOT; };
		EE851980AE3B084451F000E9 /* Cocoa.framework */ = {isa = PBXFileReference; lastKnownFileType = wrapper.framework; name = Cocoa.framework; path = System/Library/Frameworks/Cocoa.framework; sourceTree = SDKROOT; };
		F45DA62D9AC8CBC8DC46CF29 /* VoiceAnalyzer.h */ = {isa = PBXFileReference; lastKnownFileType = sourcecode.c.h; name = VoiceAnalyzer.h; path = ../../Source/Analysis/VoiceAnalyzer.h; sourceTree = SOURCE_ROOT; };
		F70BA98281E9AB2912FBE09C /* include_juce_dsp.mm */ = {isa = PBXFileReference; lastKnownFileType = sourcecode.cpp.objcpp; name = include_juce_dsp.mm; path = ../../JuceLibraryCode/include_juce_dsp.mm; sourceTree = SOURCE_ROOT; };
		F9D5E1958E98AD3A5814BAD7 /* OnsetTracker.h */ = {isa = PBXFileReference; lastKnownFileType = sourcecode.c.h; name = OnsetTracker.h; path = ../../Source/Utils/OnsetTracker.h; sourceTree = SOURCE_ROOT; };
		FC1E765F43A7346D362ABBE3 /* Metal.framework */ = {isa = PBXFileReference; lastKnownFileType = wrapper.framework; name = Metal.framework; path = System/Library/Frameworks/Metal.framework; sourceTree = SDKROOT; };
		FC5A65F6C32854BD33D7ADEE /* BinaryData.h */ = {isa = PBXFileReference; lastKnownFileType = sourcecode.c.h; name = BinaryData.h; path = ../../JuceLibraryCode/BinaryData.h; sourceTree = SOURCE_ROOT; };
		FD4AF06B7E72DFE3A7DABA57 /* Windowing.h */ = {isa = PBXFileReference; lastKnownFileType = sourcecode.c.h; name = Windowing.h; path = ../../Source/Utils/Windowing.h; sourceTree = SOURCE_ROOT; };
/* End PBXFileReference section */

/* Begin PBXFrameworksBuildPhase section */
		506B9356E24BA241D680CC76 /* Frameworks */ = {
			isa = PBXFrameworksBuildPhase;
			buildActionMask = 2147483647;
			files = (
				380E39D424FFCD5A57E58129 /* AudioUnit.framework in Frameworks */,
				096CEC534426831B8C075449 /* Accelerate.framework in Frameworks */,
				5AB1ACD19B0729241681D306 /* AudioToolbox.framework in Frameworks */,
				633F04B29AE7D36F7BFAFE78 /* Cocoa.framework in Frameworks */,
				CB561239A674BAC9AD0A2DCC /* CoreAudio.framework in Frameworks */,
				C2C0E1206FBF92D4D063074D /* CoreAudioKit.framework in Frameworks */,
				B6000D854125C78C1D5C5094 /* CoreMIDI.framework in Frameworks */,
				8A385A3DD7D5F7632065812F /* DiscRecording.framework in Frameworks */,
				73633E6F63BC3262E1E832C3 /* Foundation.framework in Frameworks */,
				7147C9C1016DB0CC3F85B269 /* IOKit.framework in Frameworks */,
				2367323D4F2FCA8175E4C7D7 /* QuartzCore.framework in Frameworks */,
				EA762E0B03F88C593C02B65F /* Security.framework in Frameworks */,
				7BEB09B00A0F6FA28DDF5262 /* WebKit.framework in Frameworks */,
				45F30819220FF3C85B66376F /* Metal.framework in Frameworks */,
				2E00FE143A581B73287923E2 /* MetalKit.framework in Frameworks */,
			);
			runOnlyForDeploymentPostprocessing = 0;
		};
/* End PBXFrameworksBuildPhase section */

/* Begin PBXGroup section */
		17976780D677899FB4B073E5 /* Utils */ = {
			isa = PBXGroup;
			children = (
				28FD96CD002E16C999A1986A /* FeatureMath.cpp */,
				919BF4F2972941CE4EFE1B86 /* FeatureMath.h */,
				2A44EDD9ECCAA63C7D501E1C /* FFTUtils.h */,
				F9D5E1958E98AD3A5814BAD7 /* OnsetTracker.h */,
				258FAD65B534F45126784E98 /* PitchUtils.h */,
				D1AD8D9745EEA495B7E6C2D8 /* R128Filters.h */,
				ADCBB162A84F74B7049DB3B2 /* Resampler.h */,
				8974BEC907B72FBACF74258B /* Stats.h */,
				FD4AF06B7E72DFE3A7DABA57 /* Windowing.h */,
			);
			name = Utils;
			sourceTree = "<group>";
		};
		1B4C75D1BF9D3AA667E09661 /* JUCE Library Code */ = {
			isa = PBXGroup;
			children = (
				D587D370C45DE04AED23DE86 /* AppConfig.h */,
				26D8576C7D4DEFF3C4D07693 /* BinaryData.cpp */,
				FC5A65F6C32854BD33D7ADEE /* BinaryData.h */,
				736768AB427692902C6C7E94 /* include_juce_audio_basics.mm */,
				E71119A3181548738B3F0CF1 /* include_juce_audio_devices.mm */,
				957DCA68094601833C10FCDE /* include_juce_audio_formats.mm */,
				7AFEDA94292994F1DE23332B /* include_juce_audio_plugin_client_ARA.cpp */,
				1FFAEA6C22D4355198E8E740 /* include_juce_audio_plugin_client_AU_1.mm */,
				CE682CEB3BF903E513E2F40C /* include_juce_audio_plugin_client_AU_2.mm */,
				129F2FF3D460E735FCDE194B /* include_juce_audio_processors.mm */,
				B41E411D9BA7DBFFDAF15573 /* include_juce_audio_processors_ara.cpp */,
				112F15C8F6F8CAE05E85FA99 /* include_juce_audio_processors_lv2_libs.cpp */,
				3DE5EC8084E3E4B5575B9CA8 /* include_juce_audio_utils.mm */,
				53B1483FD99B49BF94302453 /* include_juce_core.mm */,
				37FF73891C5C15866EAE2624 /* include_juce_core_CompilationTime.cpp */,
				2DAB07BE6F20C8F6554912CE /* include_juce_data_structures.mm */,
				F70BA98281E9AB2912FBE09C /* include_juce_dsp.mm */,
				276583E9A1547E7D6F14A52E /* include_juce_events.mm */,
				0A13D5119295BE43F7BA5F2C /* include_juce_graphics.mm */,
				3F5C6B6387AE9A25C914AED4 /* include_juce_graphics_Harfbuzz.cpp */,
				50A11E3C7A807026801F5CD2 /* include_juce_graphics_Sheenbidi.c */,
				19F133B7098AD0E47CCD872D /* include_juce_gui_basics.mm */,
				B52429675E473D12226AC5CC /* include_juce_gui_extra.mm */,
				A02714C2821DBB675494ED4E /* JuceHeader.h */,
				960EA762740EE9333F07C608 /* JucePluginDefines.h */,
			);
			name = "JUCE Library Code";
			sourceTree = "<group>";
		};
		1ECC0D40B0ADD878DF16EBEC = {
			isa = PBXGroup;
			children = (
				6BFF2058CB76F7F52968D196 /* Source */,
			);
			sourceTree = "<group>";
		};
		57E790DEEDF0F8B23AEE7705 /* Resources */ = {
			isa = PBXGroup;
			children = (
				97C06B977206463168D41B9F /* MuseoModerno-Regular.ttf */,
				3FE2B482AE505544F4DE690F /* BanAllMusicRecords-02.png */,
			);
			name = Resources;
			sourceTree = "<group>";
		};
		6BFF2058CB76F7F52968D196 /* Source */ = {
			isa = PBXGroup;
			children = (
				AEEF8117FC1A3BD0A2825772 /* Data */,
				B911526DC7CEA33D142BF4FD /* Analysis */,
				8577A973903D572162D74ED3 /* Suggestions */,
				17976780D677899FB4B073E5 /* Utils */,
				3082B43F9D0BAA872BB6DA53 /* PluginProcessor.h */,
				6770AC2D715D015367B86E8E /* PluginProcessor.cpp */,
				1969745E1659AF4904ACDE97 /* PluginEditor.h */,
				E854D2D84CAF51319B748EB5 /* PluginEditor.cpp */,
				57E790DEEDF0F8B23AEE7705 /* Resources */,
			);
			name = Source;
			sourceTree = "<group>";
		};
		8577A973903D572162D74ED3 /* Suggestions */ = {
			isa = PBXGroup;
			children = (
				2898BFC145992847173663BA /* ArrangementSuggestionEngine.cpp */,
				8DCCF41E0A9637BC1D0473A6 /* ArrangementSuggestionEngine.h */,
				D283D0479438F455E2F12540 /* ChordSuggestionEngine.cpp */,
				43890AAC35C507E1AC72D6EB /* ChordSuggestionEngine.h */,
			);
			name = Suggestions;
			sourceTree = "<group>";
		};
		97E49A09642B6AF8E1C703D2 /* Products */ = {
			isa = PBXGroup;
			children = (
				40A83B5949D13BE91FE42FB1 /* gateKPT.component */,
				B6493244601C3AE7134DA3FC /* libgateKPT.a */,
			);
			name = Products;
			sourceTree = "<group>";
		};
		AEEF8117FC1A3BD0A2825772 /* Data */ = {
			isa = PBXGroup;
			children = (
				CBA2FA6AF324B6549527A79E /* ConversationStore.cpp */,
				70E0094B31753E9DEBE1CE05 /* ConversationStore.h */,
				D63A93A4F32EC7235B83138F /* JSONExporter.cpp */,
				6B14A3F4912528415DE7F31F /* JSONExporter.h */,
				26269A623C8788F1A18F8068 /* JSONParser.cpp */,
				22C2A039936A3B6459A36C82 /* JSONParser.h */,
				81492AA3C295251B64A1C545 /* SpecData.h */,
			);
			name = Data;
			sourceTree = "<group>";
		};
		B911526DC7CEA33D142BF4FD /* Analysis */ = {
			isa = PBXGroup;
			children = (
				B9149D4C98564FE545750DC2 /* AnalysisOrchestrator.cpp */,
				EDC794B71EDC999CF3D205AE /* AnalysisOrchestrator.h */,
				52BC68BB26B1414ED6ECE836 /* AnalysisResult.cpp */,
				A096316734DCF1FC96AA7FD1 /* AnalysisResult.h */,
				32D112135FD41BA300B4F7C9 /* AnalyzerStubs.cpp */,
				69EF0EC87CC4D1FFD4E5B871 /* ArtifactDetector.cpp */,
				67A4FB2D3EE57535AA4D6F23 /* ArtifactDetector.h */,
				4E4BA602919D0C62495FFD9E /* AudioFileReader.cpp */,
				BB4AA6E9D7ACF2C2EDC327C2 /* AudioFileReader.h */,
				245A6E8DC114D5A064CB0160 /* BeatKeyAnalyzer.cpp */,
				A9EEA4ADB1A2D44CBFA28197 /* BeatKeyAnalyzer.h */,
				3C05200B78F02ABA8C3129B3 /* ChordAnalyzer.cpp */,
				B31F573C2A0BBB285CCF535E /* ChordAnalyzer.h */,
				CF8774D74F0E70A4813DC21F /* DynamicsAnalyzer.cpp */,
				344CA162828E7BCE13113DBB /* DynamicsAnalyzer.h */,
				B7B4666CD8D1C0F99956755B /* GenreMoodAnalyzer.cpp */,
				2C8B3A7C984195FF087B937C /* GenreMoodAnalyzer.h */,
				CE4000A9CB022C8046D4025E /* InstrumentAnalyzer.cpp */,
				4C8C6833839FCD08129EA20F /* InstrumentAnalyzer.h */,
				93F2F8247A8104FAA72D6199 /* LoudnessAnalyzer.cpp */,
				CD46D7D5E2B8879484581312 /* LoudnessAnalyzer.h */,
				93436B1708FC543A5139B380 /* MaskingAnalyzer.cpp */,
				6852827F4DD68B8EF1CBC3E8 /* MaskingAnalyzer.h */,
				BE26D7B7196D3D4C6B774A28 /* ReferenceMatcher.cpp */,
				9F6637524D4EBBBFC1F3494F /* ReferenceMatcher.h */,
				066DF2D2318FDF3D7C167769 /* ReverbDecayAnalyzer.cpp */,
				866BDB09CC0087764AB8B370 /* ReverbDecayAnalyzer.h */,
				51F0EDD2E9D95AE2A0503DAC /* SectionSegmentation.cpp */,
				9C8E755D0B22D7BCF654C280 /* SectionSegmentation.h */,
				8BB8CA2CA11175ACBD7C9567 /* SibilancePlosiveAnalyzer.cpp */,
				2A247393A4ADA4C565090AFF /* SibilancePlosiveAnalyzer.h */,
				BB4513488D3F4277682CBFBE /* SpectralAnalyzer.cpp */,
				CD0D45D5D1DFD85F4E436C2A /* SpectralAnalyzer.h */,
				DB5908108C56BDA8F7E98773 /* StereoImageAnalyzer.cpp */,
				650F4CCB4365526D7B13328A /* StereoImageAnalyzer.h */,
				97F7898BEDF15164D33AFE61 /* SummaryBuilder.cpp */,
				9783494317ED37AC68CF826E /* SummaryBuilder.h */,
				688D80776D8546C266483F38 /* TechnicalAnalyzer.cpp */,
				A0F45FD49C95139C6A9CEB0E /* TechnicalAnalyzer.h */,
				5811BEE890EA71F5C3233572 /* TuningPitchAnalyzer.cpp */,
				4FCB5B7C9E325CD92102FC15 /* TuningPitchAnalyzer.h */,
				30D2E99EEB43A492AF58A72C /* VoiceAnalyzer.cpp */,
				F45DA62D9AC8CBC8DC46CF29 /* VoiceAnalyzer.h */,
			);
			name = Analysis;
			sourceTree = "<group>";
		};
		C52380529349AC025F28AB33 /* Frameworks */ = {
			isa = PBXGroup;
			children = (
				59BDFB98F460CBDF323F1F86 /* AudioUnit.framework */,
				371744E4E3563FD3C9C38125 /* Accelerate.framework */,
				EDAFDCA67D8180AAEE03D48C /* AudioToolbox.framework */,
				EE851980AE3B084451F000E9 /* Cocoa.framework */,
				89E04AA52111238513FB09B4 /* CoreAudio.framework */,
				D971C015C9901E5B08AC4C84 /* CoreAudioKit.framework */,
				C64227CA40941177D2CA3799 /* CoreMIDI.framework */,
				5EB6602E0AAC3149308D1F8D /* DiscRecording.framework */,
				D388C740D4AF917D738F41C3 /* Foundation.framework */,
				8918A01A37247123ADBE725A /* IOKit.framework */,
				9F91D079EE47469C42C431B0 /* QuartzCore.framework */,
				3EE8C77D9676A71161DBE49B /* Security.framework */,
				8390FBB7DB038AB4AD6A489B /* WebKit.framework */,
				FC1E765F43A7346D362ABBE3 /* Metal.framework */,
				3C9B46BFEDC51CEB9D587740 /* MetalKit.framework */,
			);
			name = Frameworks;
			sourceTree = "<group>";
		};
		C96E4F9C8558EF4235643870 /* Source */ = {
			isa = PBXGroup;
			children = (
				1ECC0D40B0ADD878DF16EBEC,
				1B4C75D1BF9D3AA667E09661 /* JUCE Library Code */,
				E2017A520F263BEF2DB6F579 /* Resources */,
				C52380529349AC025F28AB33 /* Frameworks */,
				97E49A09642B6AF8E1C703D2 /* Products */,
			);
			name = Source;
			sourceTree = "<group>";
		};
		E2017A520F263BEF2DB6F579 /* Resources */ = {
			isa = PBXGroup;
			children = (
				575D1A721BC3F3C8E6DB812C /* Info-AU.plist */,
				A9FC4AB0D6FA04D6265970A6 /* RecentFilesMenuTemplate.nib */,
			);
			name = Resources;
			sourceTree = "<group>";
		};
/* End PBXGroup section */

/* Begin PBXNativeTarget section */
		EA9C2991E57D870ED9BCE008 /* gateKPT - AU */ = {
			isa = PBXNativeTarget;
			buildConfigurationList = 1A60C237D25D39608AE4BE1A /* Build configuration list for PBXNativeTarget "gateKPT - AU" */;
			buildPhases = (
				E9B73BA27A231F8872B389AF /* Resources */,
				E9EFDA06D8EFC257982522C3 /* Sources */,
				506B9356E24BA241D680CC76 /* Frameworks */,
				DD7CAE023AEAEA384060580B /* Post-build script */,
				B5656759C9EC8E4A7F80D074 /* Plugin Copy Step */,
			);
			buildRules = (
			);
			dependencies = (
				CCA94EB7860217C826AA28ED /* PBXTargetDependency */,
			);
			name = "gateKPT - AU";
			productName = gateKPT;
			productReference = 40A83B5949D13BE91FE42FB1 /* gateKPT.component */;
			productType = "com.apple.product-type.bundle";
		};
		F85A39AD38A54172B0A5F781 /* gateKPT - Shared Code */ = {
			isa = PBXNativeTarget;
			buildConfigurationList = 0CADAA9C02D9AB06CF317AB0 /* Build configuration list for PBXNativeTarget "gateKPT - Shared Code" */;
			buildPhases = (
				816A968CFF6D6FEC695D4CD6 /* Sources */,
				01E6DFDFE715C0A3AF01D86E /* Post-build script */,
			);
			buildRules = (
			);
			dependencies = (
			);
			name = "gateKPT - Shared Code";
			productName = gateKPT;
			productReference = B6493244601C3AE7134DA3FC /* libgateKPT.a */;
			productType = "com.apple.product-type.library.static";
		};
/* End PBXNativeTarget section */

/* Begin PBXProject section */
		52AF65141E5EFA760FF8A00B /* Project object */ = {
			isa = PBXProject;
			attributes = {
				LastUpgradeCheck = 1340;
				ORGANIZATIONNAME = "Ban All Music Records";
				TargetAttributes = {
					E06CC8800E5E45B405B8ECED = {
						DevelopmentTeam = 14;
						ProvisioningStyle = Automatic;
						SystemCapabilities = {
							com.apple.ApplicationGroups.iOS = {
								enabled = 0;
							};
							com.apple.HardenedRuntime = {
								enabled = 0;
							};
							com.apple.InAppPurchase = {
								enabled = 0;
							};
							com.apple.InterAppAudio = {
								enabled = 0;
							};
							com.apple.Push = {
								enabled = 0;
							};
							com.apple.Sandbox = {
								enabled = 0;
							};
						};
					};
					EA9C2991E57D870ED9BCE008 = {
						ProvisioningStyle = Automatic;
						SystemCapabilities = {
							com.apple.ApplicationGroups.iOS = {
								enabled = 0;
							};
							com.apple.HardenedRuntime = {
								enabled = 0;
							};
							com.apple.InAppPurchase = {
								enabled = 0;
							};
							com.apple.InterAppAudio = {
								enabled = 0;
							};
							com.apple.Push = {
								enabled = 0;
							};
							com.apple.Sandbox = {
								enabled = 0;
							};
						};
					};
					F85A39AD38A54172B0A5F781 = {
						DevelopmentTeam = 14;
						ProvisioningStyle = Automatic;
						SystemCapabilities = {
							com.apple.ApplicationGroups.iOS = {
								enabled = 0;
							};
							com.apple.HardenedRuntime = {
								enabled = 0;
							};
							com.apple.InAppPurchase = {
								enabled = 0;
							};
							com.apple.InterAppAudio = {
								enabled = 0;
							};
							com.apple.Push = {
								enabled = 0;
							};
							com.apple.Sandbox = {
								enabled = 0;
							};
						};
					};
				};
			};
			buildConfigurationList = A79A9B9AA70151CE7A1B64AA /* Build configuration list for PBXProject "gateKPT" */;
			compatibilityVersion = "Xcode 3.2";
			developmentRegion = en;
			hasScannedForEncodings = 0;
			knownRegions = (
				en,
				Base,
			);
			mainGroup = C96E4F9C8558EF4235643870 /* Source */;
			projectDirPath = "";
			projectRoot = "";
			targets = (
				E06CC8800E5E45B405B8ECED /* gateKPT - All */,
				EA9C2991E57D870ED9BCE008 /* gateKPT - AU */,
				F85A39AD38A54172B0A5F781 /* gateKPT - Shared Code */,
			);
		};
/* End PBXProject section */

/* Begin PBXResourcesBuildPhase section */
		E9B73BA27A231F8872B389AF /* Resources */ = {
			isa = PBXResourcesBuildPhase;
			buildActionMask = 2147483647;
			files = (
				93B46FACE29FBB643C4C4570 /* RecentFilesMenuTemplate.nib in Resources */,
			);
			runOnlyForDeploymentPostprocessing = 0;
		};
/* End PBXResourcesBuildPhase section */

/* Begin PBXShellScriptBuildPhase section */
		01E6DFDFE715C0A3AF01D86E /* Post-build script */ = {
			isa = PBXShellScriptBuildPhase;
			alwaysOutOfDate = 1;
			buildActionMask = 2147483647;
			files = (
			);
			inputPaths = (
			);
			name = "Post-build script";
			outputPaths = (
			);
			runOnlyForDeploymentPostprocessing = 0;
			shellPath = /bin/sh;
			shellScript = "# --- Install to user Components (always) ---\nSRC=\"$CONFIGURATION_BUILD_DIR/$FULL_PRODUCT_NAME\"\nUSER_DST=\"$HOME/Library/Audio/Plug-Ins/Components\"\nSYS_DST=\"/Library/Audio/Plug-Ins/Components\"\n\nmkdir -p \"$USER_DST\"\ncp -R \"$SRC\" \"$USER_DST/\" && echo \"✅ User install: $FULL_PRODUCT_NAME → $USER_DST\"\n\n# --- Try system-wide install (only if writable) ---\nif [ -w \"$SYS_DST\" ] || [ ! -d \"$SYS_DST\" ] && mkdir -p \"$SYS_DST\" 2>/dev/null; then\n  cp -R \"$SRC\" \"$SYS_DST/\" && echo \"✅ System install: $FULL_PRODUCT_NAME → $SYS_DST\"\nelse\n  echo \"ℹ️  System install skipped (no write perms). To install system-wide:\"\n  echo \"    sudo cp -R \\\"$SRC\\\" \\\"$SYS_DST/\\\"\"\nfi\n";
		};
		A9C334F2C135F9CBB97A5A0D /* Post-build script */ = {
			isa = PBXShellScriptBuildPhase;
			alwaysOutOfDate = 1;
			buildActionMask = 2147483647;
			files = (
			);
			inputPaths = (
			);
			name = "Post-build script";
			outputPaths = (
			);
			runOnlyForDeploymentPostprocessing = 0;
			shellPath = /bin/sh;
			shellScript = "# --- Install to user Components (always) ---\nSRC=\"$CONFIGURATION_BUILD_DIR/$FULL_PRODUCT_NAME\"\nUSER_DST=\"$HOME/Library/Audio/Plug-Ins/Components\"\nSYS_DST=\"/Library/Audio/Plug-Ins/Components\"\n\nmkdir -p \"$USER_DST\"\ncp -R \"$SRC\" \"$USER_DST/\" && echo \"✅ User install: $FULL_PRODUCT_NAME → $USER_DST\"\n\n# --- Try system-wide install (only if writable) ---\nif [ -w \"$SYS_DST\" ] || [ ! -d \"$SYS_DST\" ] && mkdir -p \"$SYS_DST\" 2>/dev/null; then\n  cp -R \"$SRC\" \"$SYS_DST/\" && echo \"✅ System install: $FULL_PRODUCT_NAME → $SYS_DST\"\nelse\n  echo \"ℹ️  System install skipped (no write perms). To install system-wide:\"\n  echo \"    sudo cp -R \\\"$SRC\\\" \\\"$SYS_DST/\\\"\"\nfi\n";
		};
		B5656759C9EC8E4A7F80D074 /* Plugin Copy Step */ = {
			isa = PBXShellScriptBuildPhase;
			alwaysOutOfDate = 1;
			buildActionMask = 2147483647;
			files = (
			);
			inputPaths = (
			);
			name = "Plugin Copy Step";
			outputPaths = (
			);
			runOnlyForDeploymentPostprocessing = 0;
			shellPath = /bin/sh;
			shellScript = "set -euo pipefail\n\nif [[ \"${CONFIGURATION}\" == \"Debug\" ]]; then\n  destinationPlugin=\"${HOME}/Library/Audio/Plug-Ins/Components/$(basename \"${TARGET_BUILD_DIR}/${WRAPPER_NAME}\")\"\n  echo Running rm -rf \\\"${destinationPlugin}\\\"\n  rm -rf \"${destinationPlugin}\"\n  echo Running ditto \\\"${TARGET_BUILD_DIR}/${WRAPPER_NAME}\\\" \\\"${destinationPlugin}\\\"\n  ditto \"${TARGET_BUILD_DIR}/${WRAPPER_NAME}\" \"${destinationPlugin}\"\n\n  if [[ -n \"${EXPANDED_CODE_SIGN_IDENTITY-}\" ]]; then\n    if [[ -n \"${CODE_SIGN_ENTITLEMENTS-}\" ]]; then\n      entitlementsArg=(--entitlements \"${CODE_SIGN_ENTITLEMENTS}\")\n    fi\n\n    echo Signing Identity: \\\"${EXPANDED_CODE_SIGN_IDENTITY_NAME}\\\"\n    echo Running codesign --verbose=4 --force --sign \\\"${EXPANDED_CODE_SIGN_IDENTITY}\\\" ${entitlementsArg[*]-} ${OTHER_CODE_SIGN_FLAGS-} \\\"${HOME}/Library/Audio/Plug-Ins/Components/${WRAPPER_NAME}\\\"\n    codesign --verbose=4 --force --sign \"${EXPANDED_CODE_SIGN_IDENTITY}\" ${entitlementsArg[*]-} ${OTHER_CODE_SIGN_FLAGS-} \"${HOME}/Library/Audio/Plug-Ins/Components/${WRAPPER_NAME}\"\n  fi\nfi\n\nif [[ \"${CONFIGURATION}\" == \"Release\" ]]; then\n  destinationPlugin=\"${HOME}/Library/Audio/Plug-Ins/Components/$(basename \"${TARGET_BUILD_DIR}/${WRAPPER_NAME}\")\"\n  echo Running rm -rf \\\"${destinationPlugin}\\\"\n  rm -rf \"${destinationPlugin}\"\n  echo Running ditto \\\"${TARGET_BUILD_DIR}/${WRAPPER_NAME}\\\" \\\"${destinationPlugin}\\\"\n  ditto \"${TARGET_BUILD_DIR}/${WRAPPER_NAME}\" \"${destinationPlugin}\"\n\n  if [[ -n \"${EXPANDED_CODE_SIGN_IDENTITY-}\" ]]; then\n    if [[ -n \"${CODE_SIGN_ENTITLEMENTS-}\" ]]; then\n      entitlementsArg=(--entitlements \"${CODE_SIGN_ENTITLEMENTS}\")\n    fi\n\n    echo Signing Identity: \\\"${EXPANDED_CODE_SIGN_IDENTITY_NAME}\\\"\n    echo Running codesign --verbose=4 --force --sign \\\"${EXPANDED_CODE_SIGN_IDENTITY}\\\" ${entitlementsArg[*]-} ${OTHER_CODE_SIGN_FLAGS-} \\\"${HOME}/Library/Audio/Plug-Ins/Components/${WRAPPER_NAME}\\\"\n    codesign --verbose=4 --force --sign \"${EXPANDED_CODE_SIGN_IDENTITY}\" ${entitlementsArg[*]-} ${OTHER_CODE_SIGN_FLAGS-} \"${HOME}/Library/Audio/Plug-Ins/Components/${WRAPPER_NAME}\"\n  fi\nfi\n";
		};
		DD7CAE023AEAEA384060580B /* Post-build script */ = {
			isa = PBXShellScriptBuildPhase;
			alwaysOutOfDate = 1;
			buildActionMask = 2147483647;
			files = (
			);
			inputPaths = (
			);
			name = "Post-build script";
			outputPaths = (
			);
			runOnlyForDeploymentPostprocessing = 0;
			shellPath = /bin/sh;
			shellScript = "# --- Install to user Components (always) ---\nSRC=\"$CONFIGURATION_BUILD_DIR/$FULL_PRODUCT_NAME\"\nUSER_DST=\"$HOME/Library/Audio/Plug-Ins/Components\"\nSYS_DST=\"/Library/Audio/Plug-Ins/Components\"\n\nmkdir -p \"$USER_DST\"\ncp -R \"$SRC\" \"$USER_DST/\" && echo \"✅ User install: $FULL_PRODUCT_NAME → $USER_DST\"\n\n# --- Try system-wide install (only if writable) ---\nif [ -w \"$SYS_DST\" ] || [ ! -d \"$SYS_DST\" ] && mkdir -p \"$SYS_DST\" 2>/dev/null; then\n  cp -R \"$SRC\" \"$SYS_DST/\" && echo \"✅ System install: $FULL_PRODUCT_NAME → $SYS_DST\"\nelse\n  echo \"ℹ️  System install skipped (no write perms). To install system-wide:\"\n  echo \"    sudo cp -R \\\"$SRC\\\" \\\"$SYS_DST/\\\"\"\nfi\n";
		};
/* End PBXShellScriptBuildPhase section */

/* Begin PBXSourcesBuildPhase section */
		816A968CFF6D6FEC695D4CD6 /* Sources */ = {
			isa = PBXSourcesBuildPhase;
			buildActionMask = 2147483647;
			files = (
				B4EF8969DE4E9B5AB0A93F30 /* ConversationStore.cpp in Sources */,
				00AAB3E1B5E4EDE972996371 /* JSONExporter.cpp in Sources */,
				95F966EC001A9C76681A899F /* JSONParser.cpp in Sources */,
				77BE0A92DCDE5F6134046A20 /* AnalysisOrchestrator.cpp in Sources */,
				E0C1CA744EF0CDDC95B67E60 /* AnalysisResult.cpp in Sources */,
				7DB68086D75476499A3661B2 /* AnalyzerStubs.cpp in Sources */,
				D839970E2024A4906C634543 /* ArtifactDetector.cpp in Sources */,
				C4417CD8862A96EF2530FC51 /* AudioFileReader.cpp in Sources */,
				59FAA59BEE6DFF43A282CC11 /* BeatKeyAnalyzer.cpp in Sources */,
				AB5C88D8A3618D763D3A5E26 /* ChordAnalyzer.cpp in Sources */,
				E11BF7523F4855594D592B77 /* DynamicsAnalyzer.cpp in Sources */,
				6903FEB07AB74CF2C2D9B08E /* GenreMoodAnalyzer.cpp in Sources */,
				EEE0B9828CF031B79EFF35CB /* InstrumentAnalyzer.cpp in Sources */,
				6AFF8E7338BD9EA821A1673A /* LoudnessAnalyzer.cpp in Sources */,
				FDB31FC7D7CB477F8FB5A3EC /* MaskingAnalyzer.cpp in Sources */,
				B1A7C9C4D2F997FEBD894205 /* ReferenceMatcher.cpp in Sources */,
				C296AFC5D1BDFFAFC6686E15 /* ReverbDecayAnalyzer.cpp in Sources */,
				7773F5B2A155878A62481DA0 /* SectionSegmentation.cpp in Sources */,
				8175471C91448DC3CC4A61FE /* SibilancePlosiveAnalyzer.cpp in Sources */,
				69486BA1AB8BC834E381E436 /* SpectralAnalyzer.cpp in Sources */,
				22A2EB737403381AC9EDF9F6 /* StereoImageAnalyzer.cpp in Sources */,
				D2DEDE0A3E14F5808045F2C3 /* SummaryBuilder.cpp in Sources */,
				2FC1802B02D9632A534C7079 /* TechnicalAnalyzer.cpp in Sources */,
				A32E209A93D8CB6AA6AA1FF1 /* TuningPitchAnalyzer.cpp in Sources */,
				05F657B19C4D5E93B70932AC /* VoiceAnalyzer.cpp in Sources */,
				AD58AD5B5DFEDBAD27608C32 /* ArrangementSuggestionEngine.cpp in Sources */,
				9A0AE4FAEAB00997393DF571 /* ChordSuggestionEngine.cpp in Sources */,
				BC5721EC37E71DB723497920 /* FeatureMath.cpp in Sources */,
				BF86678CC5BE1C3B0EC9AFD9 /* PluginProcessor.cpp in Sources */,
				C029F899CDFCE9CD0D76106C /* PluginEditor.cpp in Sources */,
				A565BFA27CF7A7328F0C44DA /* BinaryData.cpp in Sources */,
				E34E7799ECE689E4CD17B297 /* include_juce_audio_basics.mm in Sources */,
				C5C5EC6D55F0BD15FA2D5E13 /* include_juce_audio_devices.mm in Sources */,
				E10E1432A28535932C1A0AA0 /* include_juce_audio_formats.mm in Sources */,
				32D4A5679F8602169CD427DA /* include_juce_audio_plugin_client_ARA.cpp in Sources */,
				7AEFC6D499FBFD624EF5EED8 /* include_juce_audio_processors.mm in Sources */,
				15480F0D27A7936D489BCA67 /* include_juce_audio_processors_ara.cpp in Sources */,
				27D13B81C27E50EAEDDEB411 /* include_juce_audio_processors_lv2_libs.cpp in Sources */,
				FE33F4EA244EB56D54D5262E /* include_juce_audio_utils.mm in Sources */,
				DE317856AF7ECB922F8692D4 /* include_juce_core.mm in Sources */,
				AC849884759D28B49F63FD0F /* include_juce_core_CompilationTime.cpp in Sources */,
				7F2AC7149FE43BD71FE834F2 /* include_juce_data_structures.mm in Sources */,
				D1B7B7BECD7BC77F74694398 /* include_juce_dsp.mm in Sources */,
				9E3DA95BA56BE27F97C0CD12 /* include_juce_events.mm in Sources */,
				D2322275980A01476E2206DF /* include_juce_graphics.mm in Sources */,
				D7DF36DFC2F8D81F577C6D28 /* include_juce_graphics_Harfbuzz.cpp in Sources */,
				EE79321EE430BD895A3C2F54 /* include_juce_graphics_Sheenbidi.c in Sources */,
				85249BA9150562E52DCD98AF /* include_juce_gui_basics.mm in Sources */,
				D31B9FC55E1A0C9C7259EBA9 /* include_juce_gui_extra.mm in Sources */,
			);
			runOnlyForDeploymentPostprocessing = 0;
		};
		E9EFDA06D8EFC257982522C3 /* Sources */ = {
			isa = PBXSourcesBuildPhase;
			buildActionMask = 2147483647;
			files = (
				1F2E9B5AA4CC39A0BFAC3E87 /* include_juce_audio_plugin_client_AU_1.mm in Sources */,
				70E38991DE982CED6A1AD796 /* include_juce_audio_plugin_client_AU_2.mm in Sources */,
			);
			runOnlyForDeploymentPostprocessing = 0;
		};
/* End PBXSourcesBuildPhase section */

/* Begin PBXTargetDependency section */
		34CF0AED2F97B33A249EDA26 /* PBXTargetDependency */ = {
			isa = PBXTargetDependency;
			target = EA9C2991E57D870ED9BCE008 /* gateKPT - AU */;
			targetProxy = 1B9CA2052E5224820041C2E1 /* PBXContainerItemProxy */;
		};
		B39489969B8B538B90828B6A /* PBXTargetDependency */ = {
			isa = PBXTargetDependency;
			target = F85A39AD38A54172B0A5F781 /* gateKPT - Shared Code */;
			targetProxy = 1B9CA2062E5224820041C2E1 /* PBXContainerItemProxy */;
		};
		CCA94EB7860217C826AA28ED /* PBXTargetDependency */ = {
			isa = PBXTargetDependency;
			target = F85A39AD38A54172B0A5F781 /* gateKPT - Shared Code */;
			targetProxy = 1B9CA2042E5224820041C2E1 /* PBXContainerItemProxy */;
		};
/* End PBXTargetDependency section */

/* Begin XCBuildConfiguration section */
		3727176F44A8843BE23490C9 /* Release */ = {
			isa = XCBuildConfiguration;
			buildSettings = {
				CLANG_CXX_LANGUAGE_STANDARD = "c++17";
				CLANG_CXX_LIBRARY = "libc++";
				CLANG_LINK_OBJC_RUNTIME = NO;
				CODE_SIGN_IDENTITY = "Mac Developer";
				"CODE_SIGN_IDENTITY[sdk=macosx*]" = "-";
				COMBINE_HIDPI_IMAGES = YES;
				CONFIGURATION_BUILD_DIR = /Users/Shared/AU_Builds;
				DEAD_CODE_STRIPPING = YES;
				DEVELOPMENT_TEAM = "";
				EXCLUDED_ARCHS = "";
				GCC_GENERATE_DEBUGGING_SYMBOLS = NO;
				GCC_OPTIMIZATION_LEVEL = 3;
				GCC_PREPROCESSOR_DEFINITIONS = (
					"_NDEBUG=1",
					"NDEBUG=1",
					"JUCER_XCODE_MAC_F6D2F4CF=1",
					"JUCE_APP_VERSION=1.0.0",
					"JUCE_APP_VERSION_HEX=0x10000",
					"JucePlugin_Build_VST=0",
					"JucePlugin_Build_VST3=0",
					"JucePlugin_Build_AU=1",
					"JucePlugin_Build_AUv3=0",
					"JucePlugin_Build_AAX=0",
					"JucePlugin_Build_Standalone=0",
					"JucePlugin_Build_Unity=0",
					"JucePlugin_Build_LV2=0",
				);
				GCC_VERSION = com.apple.compilers.llvm.clang.1_0;
				GENERATE_PKGINFO_FILE = YES;
				HEADER_SEARCH_PATHS = (
					"$(SRCROOT)/../../JuceLibraryCode",
					"$(SRCROOT)/../../../JUCE/modules",
					"$(SRCROOT)/../../../JUCE/modules/juce_audio_plugin_client/AU",
					"$(inherited)",
				);
				INFOPLIST_FILE = "Info-AU.plist";
				INFOPLIST_PREPROCESS = NO;
				INSTALL_PATH = "$(HOME)/Library/Audio/Plug-Ins/Components";
				LIBRARY_STYLE = Bundle;
				LLVM_LTO = YES;
				MACOSX_DEPLOYMENT_TARGET = 10.13;
				MTL_HEADER_SEARCH_PATHS = "$(SRCROOT)/../../JuceLibraryCode $(SRCROOT)/../../../JUCE/modules $(SRCROOT)/../../../JUCE/modules/juce_audio_plugin_client/AU";
				OTHER_LDFLAGS = (
					"-bundle",
					"-lgateKPT",
				);
				OTHER_REZFLAGS = "-d ppc_$ppc -d i386_$i386 -d ppc64_$ppc64 -d x86_64_$x86_64 -d arm64_$arm64 -I /System/Library/Frameworks/CoreServices.framework/Frameworks/CarbonCore.framework/Versions/A/Headers -I \"$(DEVELOPER_DIR)/Extras/CoreAudio/AudioUnits/AUPublic/AUBase\" -I \"$(DEVELOPER_DIR)/Platforms/MacOSX.platform/Developer/SDKs/MacOSX.sdk/System/Library/Frameworks/AudioUnit.framework/Headers\"";
				PRODUCT_BUNDLE_IDENTIFIER = com.gatekpt.plugin;
				PRODUCT_NAME = gateKPT;
				PROVISIONING_PROFILE_SPECIFIER = "";
				USE_HEADERMAP = NO;
				VALID_ARCHS = "i386 x86_64 arm64 arm64e";
				WRAPPER_EXTENSION = component;
			};
			name = Release;
		};
		3FAD97A9F2FD331095E66CF4 /* Debug */ = {
			isa = XCBuildConfiguration;
			buildSettings = {
				CLANG_CXX_LANGUAGE_STANDARD = "c++17";
				CLANG_CXX_LIBRARY = "libc++";
				CLANG_LINK_OBJC_RUNTIME = NO;
				CODE_SIGN_IDENTITY = "Mac Developer";
				"CODE_SIGN_IDENTITY[sdk=macosx*]" = "-";
				COMBINE_HIDPI_IMAGES = YES;
				CONFIGURATION_BUILD_DIR = /Users/Shared/AU_Builds;
				COPY_PHASE_STRIP = NO;
				DEVELOPMENT_TEAM = "";
				EXCLUDED_ARCHS = "";
				GCC_DYNAMIC_NO_PIC = NO;
				GCC_OPTIMIZATION_LEVEL = 0;
				GCC_PREPROCESSOR_DEFINITIONS = (
					"_DEBUG=1",
					"DEBUG=1",
					"JUCER_XCODE_MAC_F6D2F4CF=1",
					"JUCE_APP_VERSION=1.0.0",
					"JUCE_APP_VERSION_HEX=0x10000",
					"JucePlugin_Build_VST=0",
					"JucePlugin_Build_VST3=0",
					"JucePlugin_Build_AU=1",
					"JucePlugin_Build_AUv3=0",
					"JucePlugin_Build_AAX=0",
					"JucePlugin_Build_Standalone=0",
					"JucePlugin_Build_Unity=0",
					"JucePlugin_Build_LV2=0",
				);
				GCC_VERSION = com.apple.compilers.llvm.clang.1_0;
				GENERATE_PKGINFO_FILE = YES;
				HEADER_SEARCH_PATHS = (
					"$(SRCROOT)/../../JuceLibraryCode",
					"$(SRCROOT)/../../../JUCE/modules",
					"$(SRCROOT)/../../../JUCE/modules/juce_audio_plugin_client/AU",
					"$(inherited)",
				);
				INFOPLIST_FILE = "Info-AU.plist";
				INFOPLIST_PREPROCESS = NO;
				INSTALL_PATH = "$(HOME)/Library/Audio/Plug-Ins/Components";
				LIBRARY_STYLE = Bundle;
				MACOSX_DEPLOYMENT_TARGET = 10.13;
				MTL_HEADER_SEARCH_PATHS = "$(SRCROOT)/../../JuceLibraryCode $(SRCROOT)/../../../JUCE/modules $(SRCROOT)/../../../JUCE/modules/juce_audio_plugin_client/AU";
				OTHER_LDFLAGS = (
					"-bundle",
					"-lgateKPT",
				);
				OTHER_REZFLAGS = "-d ppc_$ppc -d i386_$i386 -d ppc64_$ppc64 -d x86_64_$x86_64 -d arm64_$arm64 -I /System/Library/Frameworks/CoreServices.framework/Frameworks/CarbonCore.framework/Versions/A/Headers -I \"$(DEVELOPER_DIR)/Extras/CoreAudio/AudioUnits/AUPublic/AUBase\" -I \"$(DEVELOPER_DIR)/Platforms/MacOSX.platform/Developer/SDKs/MacOSX.sdk/System/Library/Frameworks/AudioUnit.framework/Headers\"";
				PRODUCT_BUNDLE_IDENTIFIER = com.gatekpt.plugin;
				PRODUCT_NAME = gateKPT;
				PROVISIONING_PROFILE_SPECIFIER = "";
				USE_HEADERMAP = NO;
				VALID_ARCHS = "i386 x86_64 arm64 arm64e";
				WRAPPER_EXTENSION = component;
			};
			name = Debug;
		};
		4C1BA32EC908AE99F53C36B8 /* Release */ = {
			isa = XCBuildConfiguration;
			buildSettings = {
				CLANG_CXX_LANGUAGE_STANDARD = "c++17";
				CLANG_CXX_LIBRARY = "libc++";
				CLANG_LINK_OBJC_RUNTIME = NO;
				CODE_SIGN_IDENTITY = "Mac Developer";
				COMBINE_HIDPI_IMAGES = YES;
				CONFIGURATION_BUILD_DIR = /Users/Shared/AU_Builds;
				DEAD_CODE_STRIPPING = YES;
				DEVELOPMENT_TEAM = 14;
				EXCLUDED_ARCHS = "";
				GCC_GENERATE_DEBUGGING_SYMBOLS = NO;
				GCC_OPTIMIZATION_LEVEL = 3;
				GCC_PREPROCESSOR_DEFINITIONS = (
					"_NDEBUG=1",
					"NDEBUG=1",
					"JUCER_XCODE_MAC_F6D2F4CF=1",
					"JUCE_APP_VERSION=1.0.0",
					"JUCE_APP_VERSION_HEX=0x10000",
					"JucePlugin_Build_VST=0",
					"JucePlugin_Build_VST3=0",
					"JucePlugin_Build_AU=1",
					"JucePlugin_Build_AUv3=0",
					"JucePlugin_Build_AAX=0",
					"JucePlugin_Build_Standalone=0",
					"JucePlugin_Build_Unity=0",
					"JucePlugin_Build_LV2=0",
					"JUCE_SHARED_CODE=1",
				);
				GCC_VERSION = com.apple.compilers.llvm.clang.1_0;
				HEADER_SEARCH_PATHS = (
					"$(SRCROOT)/../../JuceLibraryCode",
					"$(SRCROOT)/../../../JUCE/modules",
					"$(SRCROOT)/../../../JUCE/modules/juce_audio_plugin_client/AU",
					"$(inherited)",
				);
				INSTALL_PATH = "@executable_path/../Frameworks";
				LLVM_LTO = YES;
				MACOSX_DEPLOYMENT_TARGET = 10.13;
				MTL_HEADER_SEARCH_PATHS = "$(SRCROOT)/../../JuceLibraryCode $(SRCROOT)/../../../JUCE/modules $(SRCROOT)/../../../JUCE/modules/juce_audio_plugin_client/AU";
				PRODUCT_BUNDLE_IDENTIFIER = com.gatekpt.plugin;
				PRODUCT_NAME = gateKPT;
				PROVISIONING_PROFILE_SPECIFIER = "";
				SKIP_INSTALL = YES;
				USE_HEADERMAP = NO;
				VALID_ARCHS = "i386 x86_64 arm64 arm64e";
			};
			name = Release;
		};
		5914B8FC8C0679A462C54850 /* Release */ = {
			isa = XCBuildConfiguration;
			buildSettings = {
				ALWAYS_SEARCH_USER_PATHS = NO;
				CLANG_ENABLE_OBJC_WEAK = YES;
				CLANG_WARN_BLOCK_CAPTURE_AUTORELEASING = YES;
				CLANG_WARN_BOOL_CONVERSION = YES;
				CLANG_WARN_COMMA = YES;
				CLANG_WARN_CONSTANT_CONVERSION = YES;
				CLANG_WARN_DEPRECATED_OBJC_IMPLEMENTATIONS = YES;
				CLANG_WARN_EMPTY_BODY = YES;
				CLANG_WARN_ENUM_CONVERSION = YES;
				CLANG_WARN_INFINITE_RECURSION = YES;
				CLANG_WARN_INT_CONVERSION = YES;
				CLANG_WARN_NON_LITERAL_NULL_CONVERSION = YES;
				CLANG_WARN_OBJC_IMPLICIT_RETAIN_SELF = YES;
				CLANG_WARN_OBJC_LITERAL_CONVERSION = YES;
				CLANG_WARN_RANGE_LOOP_ANALYSIS = YES;
				CLANG_WARN_STRICT_PROTOTYPES = YES;
				CLANG_WARN_SUSPICIOUS_MOVE = YES;
				CLANG_WARN_UNREACHABLE_CODE = YES;
				CLANG_WARN__DUPLICATE_METHOD_MATCH = YES;
				CODE_SIGN_IDENTITY = "Mac Developer";
				DEBUG_INFORMATION_FORMAT = dwarf;
				ENABLE_STRICT_OBJC_MSGSEND = YES;
				ENABLE_TESTABILITY = NO;
				GCC_C_LANGUAGE_STANDARD = c11;
				GCC_INLINES_ARE_PRIVATE_EXTERN = YES;
				GCC_MODEL_TUNING = G5;
				GCC_NO_COMMON_BLOCKS = YES;
				GCC_SYMBOLS_PRIVATE_EXTERN = YES;
				GCC_WARN_64_TO_32_BIT_CONVERSION = YES;
				GCC_WARN_ABOUT_RETURN_TYPE = YES;
				GCC_WARN_CHECK_SWITCH_STATEMENTS = YES;
				GCC_WARN_MISSING_PARENTHESES = YES;
				GCC_WARN_NON_VIRTUAL_DESTRUCTOR = YES;
				GCC_WARN_TYPECHECK_CALLS_TO_PRINTF = YES;
				GCC_WARN_UNDECLARED_SELECTOR = YES;
				GCC_WARN_UNINITIALIZED_AUTOS = YES;
				GCC_WARN_UNUSED_FUNCTION = YES;
				GCC_WARN_UNUSED_VARIABLE = YES;
				OTHER_CODE_SIGN_FLAGS = "--timestamp";
				PRODUCT_NAME = gateKPT;
				SDKROOT = macosx;
				WARNING_CFLAGS = "-Wreorder";
				ZERO_LINK = NO;
			};
			name = Release;
		};
		8026BCAC149B746452689D32 /* Release */ = {
			isa = XCBuildConfiguration;
			buildSettings = {
				MACOSX_DEPLOYMENT_TARGET = 10.13;
				SDKROOT = macosx;
			};
			name = Release;
		};
		A46DB7168117CC50636238DB /* Debug */ = {
			isa = XCBuildConfiguration;
			buildSettings = {
				ALWAYS_SEARCH_USER_PATHS = NO;
				CLANG_ENABLE_OBJC_WEAK = YES;
				CLANG_WARN_BLOCK_CAPTURE_AUTORELEASING = YES;
				CLANG_WARN_BOOL_CONVERSION = YES;
				CLANG_WARN_COMMA = YES;
				CLANG_WARN_CONSTANT_CONVERSION = YES;
				CLANG_WARN_DEPRECATED_OBJC_IMPLEMENTATIONS = YES;
				CLANG_WARN_EMPTY_BODY = YES;
				CLANG_WARN_ENUM_CONVERSION = YES;
				CLANG_WARN_INFINITE_RECURSION = YES;
				CLANG_WARN_INT_CONVERSION = YES;
				CLANG_WARN_NON_LITERAL_NULL_CONVERSION = YES;
				CLANG_WARN_OBJC_IMPLICIT_RETAIN_SELF = YES;
				CLANG_WARN_OBJC_LITERAL_CONVERSION = YES;
				CLANG_WARN_RANGE_LOOP_ANALYSIS = YES;
				CLANG_WARN_STRICT_PROTOTYPES = YES;
				CLANG_WARN_SUSPICIOUS_MOVE = YES;
				CLANG_WARN_UNREACHABLE_CODE = YES;
				CLANG_WARN__DUPLICATE_METHOD_MATCH = YES;
				CODE_SIGN_IDENTITY = "Mac Developer";
				DEBUG_INFORMATION_FORMAT = dwarf;
				ENABLE_STRICT_OBJC_MSGSEND = YES;
				ENABLE_TESTABILITY = NO;
				GCC_C_LANGUAGE_STANDARD = c11;
				GCC_INLINES_ARE_PRIVATE_EXTERN = YES;
				GCC_MODEL_TUNING = G5;
				GCC_NO_COMMON_BLOCKS = YES;
				GCC_SYMBOLS_PRIVATE_EXTERN = YES;
				GCC_WARN_64_TO_32_BIT_CONVERSION = YES;
				GCC_WARN_ABOUT_RETURN_TYPE = YES;
				GCC_WARN_CHECK_SWITCH_STATEMENTS = YES;
				GCC_WARN_MISSING_PARENTHESES = YES;
				GCC_WARN_NON_VIRTUAL_DESTRUCTOR = YES;
				GCC_WARN_TYPECHECK_CALLS_TO_PRINTF = YES;
				GCC_WARN_UNDECLARED_SELECTOR = YES;
				GCC_WARN_UNINITIALIZED_AUTOS = YES;
				GCC_WARN_UNUSED_FUNCTION = YES;
				GCC_WARN_UNUSED_VARIABLE = YES;
				ONLY_ACTIVE_ARCH = YES;
				OTHER_CODE_SIGN_FLAGS = "--timestamp";
				PRODUCT_NAME = gateKPT;
				SDKROOT = macosx;
				WARNING_CFLAGS = "-Wreorder";
				ZERO_LINK = NO;
			};
			name = Debug;
		};
		A8F6DA3E81C1849D3E9DB14E /* Debug */ = {
			isa = XCBuildConfiguration;
			buildSettings = {
				CLANG_CXX_LANGUAGE_STANDARD = "c++17";
				CLANG_CXX_LIBRARY = "libc++";
				CLANG_LINK_OBJC_RUNTIME = NO;
				CODE_SIGN_IDENTITY = "Mac Developer";
				COMBINE_HIDPI_IMAGES = YES;
				CONFIGURATION_BUILD_DIR = /Users/Shared/AU_Builds;
				COPY_PHASE_STRIP = NO;
				DEVELOPMENT_TEAM = 14;
				EXCLUDED_ARCHS = "";
				GCC_DYNAMIC_NO_PIC = NO;
				GCC_OPTIMIZATION_LEVEL = 0;
				GCC_PREPROCESSOR_DEFINITIONS = (
					"_DEBUG=1",
					"DEBUG=1",
					"JUCER_XCODE_MAC_F6D2F4CF=1",
					"JUCE_APP_VERSION=1.0.0",
					"JUCE_APP_VERSION_HEX=0x10000",
					"JucePlugin_Build_VST=0",
					"JucePlugin_Build_VST3=0",
					"JucePlugin_Build_AU=1",
					"JucePlugin_Build_AUv3=0",
					"JucePlugin_Build_AAX=0",
					"JucePlugin_Build_Standalone=0",
					"JucePlugin_Build_Unity=0",
					"JucePlugin_Build_LV2=0",
					"JUCE_SHARED_CODE=1",
				);
				GCC_VERSION = com.apple.compilers.llvm.clang.1_0;
				HEADER_SEARCH_PATHS = (
					"$(SRCROOT)/../../JuceLibraryCode",
					"$(SRCROOT)/../../../JUCE/modules",
					"$(SRCROOT)/../../../JUCE/modules/juce_audio_plugin_client/AU",
					"$(inherited)",
				);
				INSTALL_PATH = "@executable_path/../Frameworks";
				MACOSX_DEPLOYMENT_TARGET = 10.13;
				MTL_HEADER_SEARCH_PATHS = "$(SRCROOT)/../../JuceLibraryCode $(SRCROOT)/../../../JUCE/modules $(SRCROOT)/../../../JUCE/modules/juce_audio_plugin_client/AU";
				PRODUCT_BUNDLE_IDENTIFIER = com.gatekpt.plugin;
				PRODUCT_NAME = gateKPT;
				PROVISIONING_PROFILE_SPECIFIER = "";
				SKIP_INSTALL = YES;
				USE_HEADERMAP = NO;
				VALID_ARCHS = "i386 x86_64 arm64 arm64e";
			};
			name = Debug;
		};
		F097B9E5221D1AE30C2EB81C /* Debug */ = {
			isa = XCBuildConfiguration;
			buildSettings = {
				MACOSX_DEPLOYMENT_TARGET = 10.13;
				SDKROOT = macosx;
			};
			name = Debug;
		};
/* End XCBuildConfiguration section */

/* Begin XCConfigurationList section */
		0CADAA9C02D9AB06CF317AB0 /* Build configuration list for PBXNativeTarget "gateKPT - Shared Code" */ = {
			isa = XCConfigurationList;
			buildConfigurations = (
				A8F6DA3E81C1849D3E9DB14E /* Debug */,
				4C1BA32EC908AE99F53C36B8 /* Release */,
			);
			defaultConfigurationIsVisible = 0;
			defaultConfigurationName = Debug;
		};
		1A60C237D25D39608AE4BE1A /* Build configuration list for PBXNativeTarget "gateKPT - AU" */ = {
			isa = XCConfigurationList;
			buildConfigurations = (
				3FAD97A9F2FD331095E66CF4 /* Debug */,
				3727176F44A8843BE23490C9 /* Release */,
			);
			defaultConfigurationIsVisible = 0;
			defaultConfigurationName = Debug;
		};
		A79A9B9AA70151CE7A1B64AA /* Build configuration list for PBXProject "gateKPT" */ = {
			isa = XCConfigurationList;
			buildConfigurations = (
				5914B8FC8C0679A462C54850 /* Release */,
				A46DB7168117CC50636238DB /* Debug */,
			);
			defaultConfigurationIsVisible = 0;
			defaultConfigurationName = Debug;
		};
		D922729B165B7E1E38BE3333 /* Build configuration list for PBXAggregateTarget "gateKPT - All" */ = {
			isa = XCConfigurationList;
			buildConfigurations = (
				F097B9E5221D1AE30C2EB81C /* Debug */,
				8026BCAC149B746452689D32 /* Release */,
			);
			defaultConfigurationIsVisible = 0;
			defaultConfigurationName = Debug;
		};
/* End XCConfigurationList section */
	};
	rootObject = 52AF65141E5EFA760FF8A00B /* Project object */;
}
